// !$*UTF8*$!
{
	archiveVersion = 1;
	classes = {
	};
	objectVersion = 56;
	objects = {

/* Begin PBXBuildFile section */
		C000E30A2D283DA10077540E /* EssaiView.swift in Sources */ = {isa = PBXBuildFile; fileRef = C000E3092D283DA10077540E /* EssaiView.swift */; };
		C00658F42CFF1B1400270967 /* NewContacts.swift in Sources */ = {isa = PBXBuildFile; fileRef = C00658F32CFF1B0500270967 /* NewContacts.swift */; };
		C00CEF102BB55206004C7016 /* SDWebImageSwiftUI in Frameworks */ = {isa = PBXBuildFile; productRef = C00CEF0F2BB55206004C7016 /* SDWebImageSwiftUI */; };
		C01077332D14251F004960F2 /* DBUser.swift in Sources */ = {isa = PBXBuildFile; fileRef = C01077322D14251F004960F2 /* DBUser.swift */; };
		C019526F2D2E85370031B47E /* UserRowView.swift in Sources */ = {isa = PBXBuildFile; fileRef = C019526E2D2E85370031B47E /* UserRowView.swift */; };
		C01FE5A62B67ED9D0049B9EE /* SearchXavierView.swift in Sources */ = {isa = PBXBuildFile; fileRef = C01FE5A52B67ED9D0049B9EE /* SearchXavierView.swift */; };
		C0268BE42D1431A1005374DD /* StorageManager.swift in Sources */ = {isa = PBXBuildFile; fileRef = C0268BE32D1431A1005374DD /* StorageManager.swift */; };
		C03763872C41210200A5602B /* GoogleService-Info.plist in Resources */ = {isa = PBXBuildFile; fileRef = C03763862C41210200A5602B /* GoogleService-Info.plist */; };
		C037638A2C4128D000A5602B /* Utilities.swift in Sources */ = {isa = PBXBuildFile; fileRef = C03763892C4128D000A5602B /* Utilities.swift */; };
		C03A4A5D2D22E3E000F1A183 /* UsersView.swift in Sources */ = {isa = PBXBuildFile; fileRef = C03A4A5C2D22E3E000F1A183 /* UsersView.swift */; };
		C03A722D2D1DB1DD00961705 /* UsersManager.swift in Sources */ = {isa = PBXBuildFile; fileRef = C03A722C2D1DB1DD00961705 /* UsersManager.swift */; };
		C043008C2D2BF92000AF56E7 /* ContactBootcamp.swift in Sources */ = {isa = PBXBuildFile; fileRef = C043008B2D2BF92000AF56E7 /* ContactBootcamp.swift */; };
		C043F9A52C170D08002B3C59 /* DateManager.swift in Sources */ = {isa = PBXBuildFile; fileRef = C043F9A42C170D08002B3C59 /* DateManager.swift */; };
		C047E9C42B45625C00C6D48F /* BlablaChatApp.swift in Sources */ = {isa = PBXBuildFile; fileRef = C047E9C32B45625C00C6D48F /* BlablaChatApp.swift */; };
		C047E9C82B45625D00C6D48F /* Assets.xcassets in Resources */ = {isa = PBXBuildFile; fileRef = C047E9C72B45625D00C6D48F /* Assets.xcassets */; };
		C047E9CB2B45625D00C6D48F /* Preview Assets.xcassets in Resources */ = {isa = PBXBuildFile; fileRef = C047E9CA2B45625D00C6D48F /* Preview Assets.xcassets */; };
		C047E9D52B45652000C6D48F /* FirebaseAuth in Frameworks */ = {isa = PBXBuildFile; productRef = C047E9D42B45652000C6D48F /* FirebaseAuth */; };
		C047E9D72B45652000C6D48F /* FirebaseFirestore in Frameworks */ = {isa = PBXBuildFile; productRef = C047E9D62B45652000C6D48F /* FirebaseFirestore */; };
		C047E9D92B45652000C6D48F /* FirebaseFirestoreSwift in Frameworks */ = {isa = PBXBuildFile; productRef = C047E9D82B45652000C6D48F /* FirebaseFirestoreSwift */; };
		C047E9DB2B45652000C6D48F /* FirebaseStorage in Frameworks */ = {isa = PBXBuildFile; productRef = C047E9DA2B45652000C6D48F /* FirebaseStorage */; };
		C047E9DE2B45668800C6D48F /* ImagePicker.swift in Sources */ = {isa = PBXBuildFile; fileRef = C047E9DD2B45668800C6D48F /* ImagePicker.swift */; };
		C047E9E02B45767B00C6D48F /* AuthManager.swift in Sources */ = {isa = PBXBuildFile; fileRef = C047E9DF2B45767B00C6D48F /* AuthManager.swift */; };
		C068CD3B2BCD769E0072A797 /* AuthenticationView.swift in Sources */ = {isa = PBXBuildFile; fileRef = C068CD3A2BCD769E0072A797 /* AuthenticationView.swift */; };
		C0695AF12C4915C800CEAA17 /* SignInAppleHelper.swift in Sources */ = {isa = PBXBuildFile; fileRef = C0695AF02C4915C800CEAA17 /* SignInAppleHelper.swift */; };
		C06A8DB92BAEC5030007436C /* TimestampToString.swift in Sources */ = {isa = PBXBuildFile; fileRef = C06A8DB82BAEC5030007436C /* TimestampToString.swift */; };
		C070D6422C5380C4006170E3 /* Color.swift in Sources */ = {isa = PBXBuildFile; fileRef = C070D6412C5380C4006170E3 /* Color.swift */; };
		C07F38B72C15A4F300B481B5 /* CellView.swift in Sources */ = {isa = PBXBuildFile; fileRef = C07F38B62C15A4F300B481B5 /* CellView.swift */; };
		C0850DC42D0F2BD7001AD3AA /* LoginEmailView.swift in Sources */ = {isa = PBXBuildFile; fileRef = C0850DC32D0F2BD7001AD3AA /* LoginEmailView.swift */; };
		C08906B32D1ABACD00277CCD /* LastMessagesCellView.swift in Sources */ = {isa = PBXBuildFile; fileRef = C08906B22D1ABACD00277CCD /* LastMessagesCellView.swift */; };
		C08906B92D1ABC5800277CCD /* LastMessagesManager.swift in Sources */ = {isa = PBXBuildFile; fileRef = C08906B82D1ABC5800277CCD /* LastMessagesManager.swift */; };
		C08906C52D1ABE9E00277CCD /* Messages.swift in Sources */ = {isa = PBXBuildFile; fileRef = C08906C42D1ABE9E00277CCD /* Messages.swift */; };
		C08A249E2C5243DD00B22A3B /* SDWebImageLoader.swift in Sources */ = {isa = PBXBuildFile; fileRef = C08A249D2C5243DD00B22A3B /* SDWebImageLoader.swift */; };
		C0ABF6F82D004CAB00BFD2EB /* ButtonContacts.swift in Sources */ = {isa = PBXBuildFile; fileRef = C0ABF6F72D004CAB00BFD2EB /* ButtonContacts.swift */; };
		C0B8555C2BBBFD5900B3956A /* TextBarView.swift in Sources */ = {isa = PBXBuildFile; fileRef = C0B8555B2BBBFD5900B3956A /* TextBarView.swift */; };
		C0B9DC822B5E872B006C2B46 /* HandleSendView.swift in Sources */ = {isa = PBXBuildFile; fileRef = C0B9DC812B5E872B006C2B46 /* HandleSendView.swift */; };
		C0B9EFD92D19B02900BC06FC /* LastMessagesView.swift in Sources */ = {isa = PBXBuildFile; fileRef = C0B9EFD82D19B02900BC06FC /* LastMessagesView.swift */; };
		C0C1A9492B62ACC400646851 /* SearchNick.swift in Sources */ = {isa = PBXBuildFile; fileRef = C0C1A9482B62ACC400646851 /* SearchNick.swift */; };
		C0D565F42B7CAF8E00EE0DA0 /* RootView.swift in Sources */ = {isa = PBXBuildFile; fileRef = C0D565F32B7CAF8E00EE0DA0 /* RootView.swift */; };
		C0DD71552D26B0F000E232E1 /* MessagesView.swift in Sources */ = {isa = PBXBuildFile; fileRef = C0DD71542D26B0F000E232E1 /* MessagesView.swift */; };
		C0DD71572D26B1D300E232E1 /* MessagesManager.swift in Sources */ = {isa = PBXBuildFile; fileRef = C0DD71562D26B1D300E232E1 /* MessagesManager.swift */; };
		C0E63A762C8EFF6F0041E598 /* FirebaseAnalytics in Frameworks */ = {isa = PBXBuildFile; productRef = C0E63A752C8EFF6F0041E598 /* FirebaseAnalytics */; };
		C0E63A782C8EFF9D0041E598 /* FirebaseMessaging in Frameworks */ = {isa = PBXBuildFile; productRef = C0E63A772C8EFF9D0041E598 /* FirebaseMessaging */; };
		C0EE66AC2B62654A002F13EB /* MessageBarView.swift in Sources */ = {isa = PBXBuildFile; fileRef = C0EE66AB2B62654A002F13EB /* MessageBarView.swift */; };
		C0F503302D25C459006705B0 /* ContactsView.swift in Sources */ = {isa = PBXBuildFile; fileRef = C0F5032F2D25C459006705B0 /* ContactsView.swift */; };
		C0F6C9C72D1C8F1100BE471E /* Salons_Users.swift in Sources */ = {isa = PBXBuildFile; fileRef = C0F6C9C62D1C8F1100BE471E /* Salons_Users.swift */; };
		C0F6C9C92D1C8FA300BE471E /* Salons.swift in Sources */ = {isa = PBXBuildFile; fileRef = C0F6C9C82D1C8FA300BE471E /* Salons.swift */; };
		C0FAA0922C241DD90009DFF7 /* EmailShort.swift in Sources */ = {isa = PBXBuildFile; fileRef = C0FAA0912C241DD90009DFF7 /* EmailShort.swift */; };
		C0FAA0942C242C340009DFF7 /* MessageShort.swift in Sources */ = {isa = PBXBuildFile; fileRef = C0FAA0932C242C340009DFF7 /* MessageShort.swift */; };
/* End PBXBuildFile section */

/* Begin PBXFileReference section */
		C000E3092D283DA10077540E /* EssaiView.swift */ = {isa = PBXFileReference; lastKnownFileType = sourcecode.swift; path = EssaiView.swift; sourceTree = "<group>"; };
		C00658F32CFF1B0500270967 /* NewContacts.swift */ = {isa = PBXFileReference; lastKnownFileType = sourcecode.swift; path = NewContacts.swift; sourceTree = "<group>"; };
		C01077322D14251F004960F2 /* DBUser.swift */ = {isa = PBXFileReference; lastKnownFileType = sourcecode.swift; path = DBUser.swift; sourceTree = "<group>"; };
		C019526E2D2E85370031B47E /* UserRowView.swift */ = {isa = PBXFileReference; lastKnownFileType = sourcecode.swift; path = UserRowView.swift; sourceTree = "<group>"; };
		C01FE5A52B67ED9D0049B9EE /* SearchXavierView.swift */ = {isa = PBXFileReference; lastKnownFileType = sourcecode.swift; path = SearchXavierView.swift; sourceTree = "<group>"; };
		C0268BE32D1431A1005374DD /* StorageManager.swift */ = {isa = PBXFileReference; lastKnownFileType = sourcecode.swift; path = StorageManager.swift; sourceTree = "<group>"; };
		C02F63DB2C8778F10032A0CD /* BlablaChat.entitlements */ = {isa = PBXFileReference; lastKnownFileType = text.plist.entitlements; path = BlablaChat.entitlements; sourceTree = "<group>"; };
		C03763852C411F3700A5602B /* Info.plist */ = {isa = PBXFileReference; lastKnownFileType = text.plist; path = Info.plist; sourceTree = "<group>"; };
		C03763862C41210200A5602B /* GoogleService-Info.plist */ = {isa = PBXFileReference; fileEncoding = 4; lastKnownFileType = text.plist.xml; path = "GoogleService-Info.plist"; sourceTree = "<group>"; };
		C03763892C4128D000A5602B /* Utilities.swift */ = {isa = PBXFileReference; lastKnownFileType = sourcecode.swift; path = Utilities.swift; sourceTree = "<group>"; };
		C03A4A5C2D22E3E000F1A183 /* UsersView.swift */ = {isa = PBXFileReference; lastKnownFileType = sourcecode.swift; path = UsersView.swift; sourceTree = "<group>"; };
		C03A722C2D1DB1DD00961705 /* UsersManager.swift */ = {isa = PBXFileReference; lastKnownFileType = sourcecode.swift; path = UsersManager.swift; sourceTree = "<group>"; };
		C043008B2D2BF92000AF56E7 /* ContactBootcamp.swift */ = {isa = PBXFileReference; lastKnownFileType = sourcecode.swift; path = ContactBootcamp.swift; sourceTree = "<group>"; };
		C043F9A42C170D08002B3C59 /* DateManager.swift */ = {isa = PBXFileReference; lastKnownFileType = sourcecode.swift; path = DateManager.swift; sourceTree = "<group>"; };
		C047E9C02B45625C00C6D48F /* BlablaChat.app */ = {isa = PBXFileReference; explicitFileType = wrapper.application; includeInIndex = 0; path = BlablaChat.app; sourceTree = BUILT_PRODUCTS_DIR; };
		C047E9C32B45625C00C6D48F /* BlablaChatApp.swift */ = {isa = PBXFileReference; lastKnownFileType = sourcecode.swift; path = BlablaChatApp.swift; sourceTree = "<group>"; };
		C047E9C72B45625D00C6D48F /* Assets.xcassets */ = {isa = PBXFileReference; lastKnownFileType = folder.assetcatalog; path = Assets.xcassets; sourceTree = "<group>"; };
		C047E9CA2B45625D00C6D48F /* Preview Assets.xcassets */ = {isa = PBXFileReference; lastKnownFileType = folder.assetcatalog; path = "Preview Assets.xcassets"; sourceTree = "<group>"; };
		C047E9DD2B45668800C6D48F /* ImagePicker.swift */ = {isa = PBXFileReference; lastKnownFileType = sourcecode.swift; path = ImagePicker.swift; sourceTree = "<group>"; };
		C047E9DF2B45767B00C6D48F /* AuthManager.swift */ = {isa = PBXFileReference; lastKnownFileType = sourcecode.swift; path = AuthManager.swift; sourceTree = "<group>"; };
		C04C3A7A2C85C7CD0044B21B /* PrivacyInfo.xcprivacy */ = {isa = PBXFileReference; lastKnownFileType = text.xml; path = PrivacyInfo.xcprivacy; sourceTree = "<group>"; };
		C068CD3A2BCD769E0072A797 /* AuthenticationView.swift */ = {isa = PBXFileReference; lastKnownFileType = sourcecode.swift; path = AuthenticationView.swift; sourceTree = "<group>"; };
		C0695AF02C4915C800CEAA17 /* SignInAppleHelper.swift */ = {isa = PBXFileReference; lastKnownFileType = sourcecode.swift; path = SignInAppleHelper.swift; sourceTree = "<group>"; };
		C06A8DB82BAEC5030007436C /* TimestampToString.swift */ = {isa = PBXFileReference; lastKnownFileType = sourcecode.swift; path = TimestampToString.swift; sourceTree = "<group>"; };
		C070D6412C5380C4006170E3 /* Color.swift */ = {isa = PBXFileReference; lastKnownFileType = sourcecode.swift; path = Color.swift; sourceTree = "<group>"; };
		C07F38B62C15A4F300B481B5 /* CellView.swift */ = {isa = PBXFileReference; lastKnownFileType = sourcecode.swift; path = CellView.swift; sourceTree = "<group>"; };
		C0850DC32D0F2BD7001AD3AA /* LoginEmailView.swift */ = {isa = PBXFileReference; lastKnownFileType = sourcecode.swift; path = LoginEmailView.swift; sourceTree = "<group>"; };
		C08906B22D1ABACD00277CCD /* LastMessagesCellView.swift */ = {isa = PBXFileReference; lastKnownFileType = sourcecode.swift; path = LastMessagesCellView.swift; sourceTree = "<group>"; };
		C08906B82D1ABC5800277CCD /* LastMessagesManager.swift */ = {isa = PBXFileReference; lastKnownFileType = sourcecode.swift; path = LastMessagesManager.swift; sourceTree = "<group>"; };
		C08906C42D1ABE9E00277CCD /* Messages.swift */ = {isa = PBXFileReference; lastKnownFileType = sourcecode.swift; path = Messages.swift; sourceTree = "<group>"; };
		C08A249D2C5243DD00B22A3B /* SDWebImageLoader.swift */ = {isa = PBXFileReference; lastKnownFileType = sourcecode.swift; path = SDWebImageLoader.swift; sourceTree = "<group>"; };
		C0ABF6F72D004CAB00BFD2EB /* ButtonContacts.swift */ = {isa = PBXFileReference; lastKnownFileType = sourcecode.swift; path = ButtonContacts.swift; sourceTree = "<group>"; };
		C0B8555B2BBBFD5900B3956A /* TextBarView.swift */ = {isa = PBXFileReference; lastKnownFileType = sourcecode.swift; path = TextBarView.swift; sourceTree = "<group>"; };
		C0B9DC812B5E872B006C2B46 /* HandleSendView.swift */ = {isa = PBXFileReference; lastKnownFileType = sourcecode.swift; path = HandleSendView.swift; sourceTree = "<group>"; };
		C0B9EFD82D19B02900BC06FC /* LastMessagesView.swift */ = {isa = PBXFileReference; lastKnownFileType = sourcecode.swift; path = LastMessagesView.swift; sourceTree = "<group>"; };
		C0C1A9482B62ACC400646851 /* SearchNick.swift */ = {isa = PBXFileReference; lastKnownFileType = sourcecode.swift; path = SearchNick.swift; sourceTree = "<group>"; };
		C0D565F32B7CAF8E00EE0DA0 /* RootView.swift */ = {isa = PBXFileReference; lastKnownFileType = sourcecode.swift; path = RootView.swift; sourceTree = "<group>"; };
		C0DD71542D26B0F000E232E1 /* MessagesView.swift */ = {isa = PBXFileReference; lastKnownFileType = sourcecode.swift; path = MessagesView.swift; sourceTree = "<group>"; };
		C0DD71562D26B1D300E232E1 /* MessagesManager.swift */ = {isa = PBXFileReference; lastKnownFileType = sourcecode.swift; path = MessagesManager.swift; sourceTree = "<group>"; };
		C0EE66AB2B62654A002F13EB /* MessageBarView.swift */ = {isa = PBXFileReference; lastKnownFileType = sourcecode.swift; path = MessageBarView.swift; sourceTree = "<group>"; };
		C0F5032F2D25C459006705B0 /* ContactsView.swift */ = {isa = PBXFileReference; lastKnownFileType = sourcecode.swift; path = ContactsView.swift; sourceTree = "<group>"; };
		C0F6C9C62D1C8F1100BE471E /* Salons_Users.swift */ = {isa = PBXFileReference; lastKnownFileType = sourcecode.swift; path = Salons_Users.swift; sourceTree = "<group>"; };
		C0F6C9C82D1C8FA300BE471E /* Salons.swift */ = {isa = PBXFileReference; lastKnownFileType = sourcecode.swift; path = Salons.swift; sourceTree = "<group>"; };
		C0FAA0912C241DD90009DFF7 /* EmailShort.swift */ = {isa = PBXFileReference; lastKnownFileType = sourcecode.swift; path = EmailShort.swift; sourceTree = "<group>"; };
		C0FAA0932C242C340009DFF7 /* MessageShort.swift */ = {isa = PBXFileReference; lastKnownFileType = sourcecode.swift; path = MessageShort.swift; sourceTree = "<group>"; };
/* End PBXFileReference section */

/* Begin PBXFrameworksBuildPhase section */
		C047E9BD2B45625C00C6D48F /* Frameworks */ = {
			isa = PBXFrameworksBuildPhase;
			buildActionMask = 2147483647;
			files = (
				C0E63A782C8EFF9D0041E598 /* FirebaseMessaging in Frameworks */,
				C00CEF102BB55206004C7016 /* SDWebImageSwiftUI in Frameworks */,
				C047E9D52B45652000C6D48F /* FirebaseAuth in Frameworks */,
				C0E63A762C8EFF6F0041E598 /* FirebaseAnalytics in Frameworks */,
				C047E9DB2B45652000C6D48F /* FirebaseStorage in Frameworks */,
				C047E9D72B45652000C6D48F /* FirebaseFirestore in Frameworks */,
				C047E9D92B45652000C6D48F /* FirebaseFirestoreSwift in Frameworks */,
			);
			runOnlyForDeploymentPostprocessing = 0;
		};
/* End PBXFrameworksBuildPhase section */

/* Begin PBXGroup section */
		C01077312D1424A1004960F2 /* Models */ = {
			isa = PBXGroup;
			children = (
				C08906C42D1ABE9E00277CCD /* Messages.swift */,
				C0F6C9C82D1C8FA300BE471E /* Salons.swift */,
				C0F6C9C62D1C8F1100BE471E /* Salons_Users.swift */,
				C01077322D14251F004960F2 /* DBUser.swift */,
			);
			path = Models;
			sourceTree = "<group>";
		};
		C01FE5A72B67F0610049B9EE /* StandBy */ = {
			isa = PBXGroup;
			children = (
				C0ABF6F72D004CAB00BFD2EB /* ButtonContacts.swift */,
				C00658F32CFF1B0500270967 /* NewContacts.swift */,
				C0B9DC812B5E872B006C2B46 /* HandleSendView.swift */,
				C0C1A9482B62ACC400646851 /* SearchNick.swift */,
				C01FE5A52B67ED9D0049B9EE /* SearchXavierView.swift */,
				C0EE66AB2B62654A002F13EB /* MessageBarView.swift */,
				C07F38B62C15A4F300B481B5 /* CellView.swift */,
				C000E3092D283DA10077540E /* EssaiView.swift */,
			);
			path = StandBy;
			sourceTree = "<group>";
		};
		C0268BE22D14312D005374DD /* Managers */ = {
			isa = PBXGroup;
			children = (
				C0268BE32D1431A1005374DD /* StorageManager.swift */,
			);
			path = Managers;
			sourceTree = "<group>";
		};
		C03763882C4128A500A5602B /* Utilities */ = {
			isa = PBXGroup;
			children = (
				C03763892C4128D000A5602B /* Utilities.swift */,
				C08A249D2C5243DD00B22A3B /* SDWebImageLoader.swift */,
			);
			path = Utilities;
			sourceTree = "<group>";
		};
		C03A722B2D1DB1AA00961705 /* Users */ = {
			isa = PBXGroup;
			children = (
				C03A4A5C2D22E3E000F1A183 /* UsersView.swift */,
				C019526E2D2E85370031B47E /* UserRowView.swift */,
				C03A722C2D1DB1DD00961705 /* UsersManager.swift */,
				C0F5032F2D25C459006705B0 /* ContactsView.swift */,
			);
			path = Users;
			sourceTree = "<group>";
		};
		C047E9B72B45625C00C6D48F = {
			isa = PBXGroup;
			children = (
				C047E9C22B45625C00C6D48F /* BlablaChat */,
				C047E9C12B45625C00C6D48F /* Products */,
				C0E63A742C8EFF6F0041E598 /* Frameworks */,
			);
			sourceTree = "<group>";
		};
		C047E9C12B45625C00C6D48F /* Products */ = {
			isa = PBXGroup;
			children = (
				C047E9C02B45625C00C6D48F /* BlablaChat.app */,
			);
			name = Products;
			sourceTree = "<group>";
		};
		C047E9C22B45625C00C6D48F /* BlablaChat */ = {
			isa = PBXGroup;
			children = (
				C02F63DB2C8778F10032A0CD /* BlablaChat.entitlements */,
				C03763852C411F3700A5602B /* Info.plist */,
				C047E9C32B45625C00C6D48F /* BlablaChatApp.swift */,
				C0D565F32B7CAF8E00EE0DA0 /* RootView.swift */,
				C03763882C4128A500A5602B /* Utilities */,
				C070D6402C53809E006170E3 /* Extensions */,
				C01077312D1424A1004960F2 /* Models */,
				C0695AEF2C49151400CEAA17 /* Authentication */,
				C03A722B2D1DB1AA00961705 /* Users */,
				C0DD71532D26B09E00E232E1 /* Messages */,
				C0B9EFD72D19AFD600BC06FC /* LastMessages */,
				C0268BE22D14312D005374DD /* Managers */,
				C0B9DC842B5EB05B006C2B46 /* Components */,
				C01FE5A72B67F0610049B9EE /* StandBy */,
				C047E9C72B45625D00C6D48F /* Assets.xcassets */,
				C03763862C41210200A5602B /* GoogleService-Info.plist */,
				C047E9C92B45625D00C6D48F /* Preview Content */,
				C04C3A7A2C85C7CD0044B21B /* PrivacyInfo.xcprivacy */,
				C043008B2D2BF92000AF56E7 /* ContactBootcamp.swift */,
			);
			path = BlablaChat;
			sourceTree = "<group>";
		};
		C047E9C92B45625D00C6D48F /* Preview Content */ = {
			isa = PBXGroup;
			children = (
				C047E9CA2B45625D00C6D48F /* Preview Assets.xcassets */,
			);
			path = "Preview Content";
			sourceTree = "<group>";
		};
		C0695AEF2C49151400CEAA17 /* Authentication */ = {
			isa = PBXGroup;
			children = (
				C068CD3A2BCD769E0072A797 /* AuthenticationView.swift */,
				C047E9DF2B45767B00C6D48F /* AuthManager.swift */,
				C0695AF02C4915C800CEAA17 /* SignInAppleHelper.swift */,
				C0850DC32D0F2BD7001AD3AA /* LoginEmailView.swift */,
			);
			path = Authentication;
			sourceTree = "<group>";
		};
		C070D6402C53809E006170E3 /* Extensions */ = {
			isa = PBXGroup;
			children = (
				C070D6412C5380C4006170E3 /* Color.swift */,
			);
			path = Extensions;
			sourceTree = "<group>";
		};
		C0B9DC842B5EB05B006C2B46 /* Components */ = {
			isa = PBXGroup;
			children = (
				C047E9DD2B45668800C6D48F /* ImagePicker.swift */,
				C06A8DB82BAEC5030007436C /* TimestampToString.swift */,
				C0B8555B2BBBFD5900B3956A /* TextBarView.swift */,
				C043F9A42C170D08002B3C59 /* DateManager.swift */,
				C0FAA0912C241DD90009DFF7 /* EmailShort.swift */,
				C0FAA0932C242C340009DFF7 /* MessageShort.swift */,
			);
			path = Components;
			sourceTree = "<group>";
		};
		C0B9EFD72D19AFD600BC06FC /* LastMessages */ = {
			isa = PBXGroup;
			children = (
				C0B9EFD82D19B02900BC06FC /* LastMessagesView.swift */,
				C08906B22D1ABACD00277CCD /* LastMessagesCellView.swift */,
				C08906B82D1ABC5800277CCD /* LastMessagesManager.swift */,
			);
			path = LastMessages;
			sourceTree = "<group>";
		};
		C0DD71532D26B09E00E232E1 /* Messages */ = {
			isa = PBXGroup;
			children = (
				C0DD71542D26B0F000E232E1 /* MessagesView.swift */,
				C0DD71562D26B1D300E232E1 /* MessagesManager.swift */,
			);
			path = Messages;
			sourceTree = "<group>";
		};
		C0E63A742C8EFF6F0041E598 /* Frameworks */ = {
			isa = PBXGroup;
			children = (
			);
			name = Frameworks;
			sourceTree = "<group>";
		};
/* End PBXGroup section */

/* Begin PBXNativeTarget section */
		C047E9BF2B45625C00C6D48F /* BlablaChat */ = {
			isa = PBXNativeTarget;
			buildConfigurationList = C047E9CE2B45625D00C6D48F /* Build configuration list for PBXNativeTarget "BlablaChat" */;
			buildPhases = (
				C047E9BC2B45625C00C6D48F /* Sources */,
				C047E9BD2B45625C00C6D48F /* Frameworks */,
				C047E9BE2B45625C00C6D48F /* Resources */,
			);
			buildRules = (
			);
			dependencies = (
			);
			name = BlablaChat;
			packageProductDependencies = (
				C047E9D42B45652000C6D48F /* FirebaseAuth */,
				C047E9D62B45652000C6D48F /* FirebaseFirestore */,
				C047E9D82B45652000C6D48F /* FirebaseFirestoreSwift */,
				C047E9DA2B45652000C6D48F /* FirebaseStorage */,
				C00CEF0F2BB55206004C7016 /* SDWebImageSwiftUI */,
				C0E63A752C8EFF6F0041E598 /* FirebaseAnalytics */,
				C0E63A772C8EFF9D0041E598 /* FirebaseMessaging */,
			);
			productName = BlablaChat;
			productReference = C047E9C02B45625C00C6D48F /* BlablaChat.app */;
			productType = "com.apple.product-type.application";
		};
/* End PBXNativeTarget section */

/* Begin PBXProject section */
		C047E9B82B45625C00C6D48F /* Project object */ = {
			isa = PBXProject;
			attributes = {
				BuildIndependentTargetsInParallel = 1;
				LastSwiftUpdateCheck = 1430;
				LastUpgradeCheck = 1540;
				TargetAttributes = {
					C047E9BF2B45625C00C6D48F = {
						CreatedOnToolsVersion = 14.3.1;
					};
				};
			};
			buildConfigurationList = C047E9BB2B45625C00C6D48F /* Build configuration list for PBXProject "BlablaChat" */;
			compatibilityVersion = "Xcode 14.0";
			developmentRegion = en;
			hasScannedForEncodings = 0;
			knownRegions = (
				en,
				Base,
			);
			mainGroup = C047E9B72B45625C00C6D48F;
			packageReferences = (
				C047E9D32B45652000C6D48F /* XCRemoteSwiftPackageReference "firebase-ios-sdk" */,
				C00CEF0E2BB55206004C7016 /* XCRemoteSwiftPackageReference "SDWebImageSwiftUI" */,
			);
			productRefGroup = C047E9C12B45625C00C6D48F /* Products */;
			projectDirPath = "";
			projectRoot = "";
			targets = (
				C047E9BF2B45625C00C6D48F /* BlablaChat */,
			);
		};
/* End PBXProject section */

/* Begin PBXResourcesBuildPhase section */
		C047E9BE2B45625C00C6D48F /* Resources */ = {
			isa = PBXResourcesBuildPhase;
			buildActionMask = 2147483647;
			files = (
				C047E9CB2B45625D00C6D48F /* Preview Assets.xcassets in Resources */,
				C03763872C41210200A5602B /* GoogleService-Info.plist in Resources */,
				C047E9C82B45625D00C6D48F /* Assets.xcassets in Resources */,
			);
			runOnlyForDeploymentPostprocessing = 0;
		};
/* End PBXResourcesBuildPhase section */

/* Begin PBXSourcesBuildPhase section */
		C047E9BC2B45625C00C6D48F /* Sources */ = {
			isa = PBXSourcesBuildPhase;
			buildActionMask = 2147483647;
			files = (
				C0ABF6F82D004CAB00BFD2EB /* ButtonContacts.swift in Sources */,
				C0C1A9492B62ACC400646851 /* SearchNick.swift in Sources */,
				C000E30A2D283DA10077540E /* EssaiView.swift in Sources */,
				C0DD71552D26B0F000E232E1 /* MessagesView.swift in Sources */,
				C019526F2D2E85370031B47E /* UserRowView.swift in Sources */,
				C08A249E2C5243DD00B22A3B /* SDWebImageLoader.swift in Sources */,
				C0B9DC822B5E872B006C2B46 /* HandleSendView.swift in Sources */,
				C08906C52D1ABE9E00277CCD /* Messages.swift in Sources */,
				C0EE66AC2B62654A002F13EB /* MessageBarView.swift in Sources */,
				C00658F42CFF1B1400270967 /* NewContacts.swift in Sources */,
				C037638A2C4128D000A5602B /* Utilities.swift in Sources */,
				C043F9A52C170D08002B3C59 /* DateManager.swift in Sources */,
				C0F503302D25C459006705B0 /* ContactsView.swift in Sources */,
				C047E9DE2B45668800C6D48F /* ImagePicker.swift in Sources */,
				C06A8DB92BAEC5030007436C /* TimestampToString.swift in Sources */,
				C01FE5A62B67ED9D0049B9EE /* SearchXavierView.swift in Sources */,
				C0F6C9C72D1C8F1100BE471E /* Salons_Users.swift in Sources */,
				C0FAA0922C241DD90009DFF7 /* EmailShort.swift in Sources */,
				C047E9E02B45767B00C6D48F /* AuthManager.swift in Sources */,
				C043008C2D2BF92000AF56E7 /* ContactBootcamp.swift in Sources */,
				C01077332D14251F004960F2 /* DBUser.swift in Sources */,
				C0B8555C2BBBFD5900B3956A /* TextBarView.swift in Sources */,
				C070D6422C5380C4006170E3 /* Color.swift in Sources */,
				C0695AF12C4915C800CEAA17 /* SignInAppleHelper.swift in Sources */,
				C0D565F42B7CAF8E00EE0DA0 /* RootView.swift in Sources */,
				C07F38B72C15A4F300B481B5 /* CellView.swift in Sources */,
				C0B9EFD92D19B02900BC06FC /* LastMessagesView.swift in Sources */,
				C068CD3B2BCD769E0072A797 /* AuthenticationView.swift in Sources */,
				C03A4A5D2D22E3E000F1A183 /* UsersView.swift in Sources */,
				C0FAA0942C242C340009DFF7 /* MessageShort.swift in Sources */,
				C08906B32D1ABACD00277CCD /* LastMessagesCellView.swift in Sources */,
				C03A722D2D1DB1DD00961705 /* UsersManager.swift in Sources */,
				C0850DC42D0F2BD7001AD3AA /* LoginEmailView.swift in Sources */,
				C0F6C9C92D1C8FA300BE471E /* Salons.swift in Sources */,
				C047E9C42B45625C00C6D48F /* BlablaChatApp.swift in Sources */,
				C08906B92D1ABC5800277CCD /* LastMessagesManager.swift in Sources */,
				C0268BE42D1431A1005374DD /* StorageManager.swift in Sources */,
				C0DD71572D26B1D300E232E1 /* MessagesManager.swift in Sources */,
			);
			runOnlyForDeploymentPostprocessing = 0;
		};
/* End PBXSourcesBuildPhase section */

/* Begin XCBuildConfiguration section */
		C047E9CC2B45625D00C6D48F /* Debug */ = {
			isa = XCBuildConfiguration;
			buildSettings = {
				ALWAYS_SEARCH_USER_PATHS = NO;
				CLANG_ANALYZER_NONNULL = YES;
				CLANG_ANALYZER_NUMBER_OBJECT_CONVERSION = YES_AGGRESSIVE;
				CLANG_CXX_LANGUAGE_STANDARD = "gnu++20";
				CLANG_ENABLE_MODULES = YES;
				CLANG_ENABLE_OBJC_ARC = YES;
				CLANG_ENABLE_OBJC_WEAK = YES;
				CLANG_WARN_BLOCK_CAPTURE_AUTORELEASING = YES;
				CLANG_WARN_BOOL_CONVERSION = YES;
				CLANG_WARN_COMMA = YES;
				CLANG_WARN_CONSTANT_CONVERSION = YES;
				CLANG_WARN_DEPRECATED_OBJC_IMPLEMENTATIONS = YES;
				CLANG_WARN_DIRECT_OBJC_ISA_USAGE = YES_ERROR;
				CLANG_WARN_DOCUMENTATION_COMMENTS = YES;
				CLANG_WARN_EMPTY_BODY = YES;
				CLANG_WARN_ENUM_CONVERSION = YES;
				CLANG_WARN_INFINITE_RECURSION = YES;
				CLANG_WARN_INT_CONVERSION = YES;
				CLANG_WARN_NON_LITERAL_NULL_CONVERSION = YES;
				CLANG_WARN_OBJC_IMPLICIT_RETAIN_SELF = YES;
				CLANG_WARN_OBJC_LITERAL_CONVERSION = YES;
				CLANG_WARN_OBJC_ROOT_CLASS = YES_ERROR;
				CLANG_WARN_QUOTED_INCLUDE_IN_FRAMEWORK_HEADER = YES;
				CLANG_WARN_RANGE_LOOP_ANALYSIS = YES;
				CLANG_WARN_STRICT_PROTOTYPES = YES;
				CLANG_WARN_SUSPICIOUS_MOVE = YES;
				CLANG_WARN_UNGUARDED_AVAILABILITY = YES_AGGRESSIVE;
				CLANG_WARN_UNREACHABLE_CODE = YES;
				CLANG_WARN__DUPLICATE_METHOD_MATCH = YES;
				COPY_PHASE_STRIP = NO;
				DEBUG_INFORMATION_FORMAT = dwarf;
				ENABLE_STRICT_OBJC_MSGSEND = YES;
				ENABLE_TESTABILITY = YES;
				ENABLE_USER_SCRIPT_SANDBOXING = YES;
				GCC_C_LANGUAGE_STANDARD = gnu11;
				GCC_DYNAMIC_NO_PIC = NO;
				GCC_NO_COMMON_BLOCKS = YES;
				GCC_OPTIMIZATION_LEVEL = 0;
				GCC_PREPROCESSOR_DEFINITIONS = (
					"DEBUG=1",
					"$(inherited)",
				);
				GCC_WARN_64_TO_32_BIT_CONVERSION = YES;
				GCC_WARN_ABOUT_RETURN_TYPE = YES_ERROR;
				GCC_WARN_UNDECLARED_SELECTOR = YES;
				GCC_WARN_UNINITIALIZED_AUTOS = YES_AGGRESSIVE;
				GCC_WARN_UNUSED_FUNCTION = YES;
				GCC_WARN_UNUSED_VARIABLE = YES;
				IPHONEOS_DEPLOYMENT_TARGET = 17.6;
				MTL_ENABLE_DEBUG_INFO = INCLUDE_SOURCE;
				MTL_FAST_MATH = YES;
				ONLY_ACTIVE_ARCH = YES;
				SDKROOT = iphoneos;
				SWIFT_ACTIVE_COMPILATION_CONDITIONS = DEBUG;
				SWIFT_OPTIMIZATION_LEVEL = "-Onone";
			};
			name = Debug;
		};
		C047E9CD2B45625D00C6D48F /* Release */ = {
			isa = XCBuildConfiguration;
			buildSettings = {
				ALWAYS_SEARCH_USER_PATHS = NO;
				CLANG_ANALYZER_NONNULL = YES;
				CLANG_ANALYZER_NUMBER_OBJECT_CONVERSION = YES_AGGRESSIVE;
				CLANG_CXX_LANGUAGE_STANDARD = "gnu++20";
				CLANG_ENABLE_MODULES = YES;
				CLANG_ENABLE_OBJC_ARC = YES;
				CLANG_ENABLE_OBJC_WEAK = YES;
				CLANG_WARN_BLOCK_CAPTURE_AUTORELEASING = YES;
				CLANG_WARN_BOOL_CONVERSION = YES;
				CLANG_WARN_COMMA = YES;
				CLANG_WARN_CONSTANT_CONVERSION = YES;
				CLANG_WARN_DEPRECATED_OBJC_IMPLEMENTATIONS = YES;
				CLANG_WARN_DIRECT_OBJC_ISA_USAGE = YES_ERROR;
				CLANG_WARN_DOCUMENTATION_COMMENTS = YES;
				CLANG_WARN_EMPTY_BODY = YES;
				CLANG_WARN_ENUM_CONVERSION = YES;
				CLANG_WARN_INFINITE_RECURSION = YES;
				CLANG_WARN_INT_CONVERSION = YES;
				CLANG_WARN_NON_LITERAL_NULL_CONVERSION = YES;
				CLANG_WARN_OBJC_IMPLICIT_RETAIN_SELF = YES;
				CLANG_WARN_OBJC_LITERAL_CONVERSION = YES;
				CLANG_WARN_OBJC_ROOT_CLASS = YES_ERROR;
				CLANG_WARN_QUOTED_INCLUDE_IN_FRAMEWORK_HEADER = YES;
				CLANG_WARN_RANGE_LOOP_ANALYSIS = YES;
				CLANG_WARN_STRICT_PROTOTYPES = YES;
				CLANG_WARN_SUSPICIOUS_MOVE = YES;
				CLANG_WARN_UNGUARDED_AVAILABILITY = YES_AGGRESSIVE;
				CLANG_WARN_UNREACHABLE_CODE = YES;
				CLANG_WARN__DUPLICATE_METHOD_MATCH = YES;
				COPY_PHASE_STRIP = NO;
				DEBUG_INFORMATION_FORMAT = "dwarf-with-dsym";
				ENABLE_NS_ASSERTIONS = NO;
				ENABLE_STRICT_OBJC_MSGSEND = YES;
				ENABLE_USER_SCRIPT_SANDBOXING = YES;
				GCC_C_LANGUAGE_STANDARD = gnu11;
				GCC_NO_COMMON_BLOCKS = YES;
				GCC_WARN_64_TO_32_BIT_CONVERSION = YES;
				GCC_WARN_ABOUT_RETURN_TYPE = YES_ERROR;
				GCC_WARN_UNDECLARED_SELECTOR = YES;
				GCC_WARN_UNINITIALIZED_AUTOS = YES_AGGRESSIVE;
				GCC_WARN_UNUSED_FUNCTION = YES;
				GCC_WARN_UNUSED_VARIABLE = YES;
				IPHONEOS_DEPLOYMENT_TARGET = 17.6;
				MTL_ENABLE_DEBUG_INFO = NO;
				MTL_FAST_MATH = YES;
				SDKROOT = iphoneos;
				SWIFT_COMPILATION_MODE = wholemodule;
				SWIFT_OPTIMIZATION_LEVEL = "-O";
				VALIDATE_PRODUCT = YES;
			};
			name = Release;
		};
		C047E9CF2B45625D00C6D48F /* Debug */ = {
			isa = XCBuildConfiguration;
			buildSettings = {
				ASSETCATALOG_COMPILER_APPICON_NAME = AppIcon;
				ASSETCATALOG_COMPILER_GLOBAL_ACCENT_COLOR_NAME = AccentColor;
				CODE_SIGN_ENTITLEMENTS = BlablaChat/BlablaChat.entitlements;
				CODE_SIGN_STYLE = Automatic;
				CURRENT_PROJECT_VERSION = 4;
				DEVELOPMENT_ASSET_PATHS = "\"BlablaChat/Preview Content\"";
				DEVELOPMENT_TEAM = Z2D42B65AU;
				ENABLE_PREVIEWS = YES;
				GENERATE_INFOPLIST_FILE = YES;
				INFOPLIST_FILE = BlablaChat/Info.plist;
				INFOPLIST_KEY_CFBundleDisplayName = BlablaChat;
				INFOPLIST_KEY_NSContactsUsageDescription = "Merci d'autoriser l'accès à vos contacts";
				INFOPLIST_KEY_UIApplicationSceneManifest_Generation = YES;
				INFOPLIST_KEY_UIApplicationSupportsIndirectInputEvents = YES;
				INFOPLIST_KEY_UILaunchScreen_Generation = YES;
				INFOPLIST_KEY_UISupportedInterfaceOrientations = "UIInterfaceOrientationPortrait UIInterfaceOrientationPortraitUpsideDown";
				INFOPLIST_KEY_UISupportedInterfaceOrientations_iPad = "UIInterfaceOrientationLandscapeLeft UIInterfaceOrientationLandscapeRight UIInterfaceOrientationPortrait UIInterfaceOrientationPortraitUpsideDown";
				IPHONEOS_DEPLOYMENT_TARGET = 18.0;
				LD_RUNPATH_SEARCH_PATHS = (
					"$(inherited)",
					"@executable_path/Frameworks",
				);
				MARKETING_VERSION = 1.0;
				PRODUCT_BUNDLE_IDENTIFIER = com.xlubetmoncla.BlablaChat;
				PRODUCT_NAME = "$(TARGET_NAME)";
				SUPPORTED_PLATFORMS = "iphoneos iphonesimulator";
				SUPPORTS_MACCATALYST = NO;
				SUPPORTS_MAC_DESIGNED_FOR_IPHONE_IPAD = NO;
				SUPPORTS_XR_DESIGNED_FOR_IPHONE_IPAD = NO;
				SWIFT_EMIT_LOC_STRINGS = YES;
				SWIFT_VERSION = 5.0;
				TARGETED_DEVICE_FAMILY = 1;
			};
			name = Debug;
		};
		C047E9D02B45625D00C6D48F /* Release */ = {
			isa = XCBuildConfiguration;
			buildSettings = {
				ASSETCATALOG_COMPILER_APPICON_NAME = AppIcon;
				ASSETCATALOG_COMPILER_GLOBAL_ACCENT_COLOR_NAME = AccentColor;
				CODE_SIGN_ENTITLEMENTS = BlablaChat/BlablaChat.entitlements;
				CODE_SIGN_STYLE = Automatic;
				CURRENT_PROJECT_VERSION = 4;
				DEVELOPMENT_ASSET_PATHS = "\"BlablaChat/Preview Content\"";
				DEVELOPMENT_TEAM = Z2D42B65AU;
				ENABLE_PREVIEWS = YES;
				GENERATE_INFOPLIST_FILE = YES;
				INFOPLIST_FILE = BlablaChat/Info.plist;
				INFOPLIST_KEY_CFBundleDisplayName = BlablaChat;
				INFOPLIST_KEY_NSContactsUsageDescription = "Merci d'autoriser l'accès à vos contacts";
				INFOPLIST_KEY_UIApplicationSceneManifest_Generation = YES;
				INFOPLIST_KEY_UIApplicationSupportsIndirectInputEvents = YES;
				INFOPLIST_KEY_UILaunchScreen_Generation = YES;
				INFOPLIST_KEY_UISupportedInterfaceOrientations = "UIInterfaceOrientationPortrait UIInterfaceOrientationPortraitUpsideDown";
				INFOPLIST_KEY_UISupportedInterfaceOrientations_iPad = "UIInterfaceOrientationLandscapeLeft UIInterfaceOrientationLandscapeRight UIInterfaceOrientationPortrait UIInterfaceOrientationPortraitUpsideDown";
				IPHONEOS_DEPLOYMENT_TARGET = 18.0;
				LD_RUNPATH_SEARCH_PATHS = (
					"$(inherited)",
					"@executable_path/Frameworks",
				);
				MARKETING_VERSION = 1.0;
				PRODUCT_BUNDLE_IDENTIFIER = com.xlubetmoncla.BlablaChat;
				PRODUCT_NAME = "$(TARGET_NAME)";
				SUPPORTED_PLATFORMS = "iphoneos iphonesimulator";
				SUPPORTS_MACCATALYST = NO;
				SUPPORTS_MAC_DESIGNED_FOR_IPHONE_IPAD = NO;
				SUPPORTS_XR_DESIGNED_FOR_IPHONE_IPAD = NO;
				SWIFT_EMIT_LOC_STRINGS = YES;
				SWIFT_VERSION = 5.0;
				TARGETED_DEVICE_FAMILY = 1;
			};
			name = Release;
		};
/* End XCBuildConfiguration section */

/* Begin XCConfigurationList section */
		C047E9BB2B45625C00C6D48F /* Build configuration list for PBXProject "BlablaChat" */ = {
			isa = XCConfigurationList;
			buildConfigurations = (
				C047E9CC2B45625D00C6D48F /* Debug */,
				C047E9CD2B45625D00C6D48F /* Release */,
			);
			defaultConfigurationIsVisible = 0;
			defaultConfigurationName = Release;
		};
		C047E9CE2B45625D00C6D48F /* Build configuration list for PBXNativeTarget "BlablaChat" */ = {
			isa = XCConfigurationList;
			buildConfigurations = (
				C047E9CF2B45625D00C6D48F /* Debug */,
				C047E9D02B45625D00C6D48F /* Release */,
			);
			defaultConfigurationIsVisible = 0;
			defaultConfigurationName = Release;
		};
/* End XCConfigurationList section */

/* Begin XCRemoteSwiftPackageReference section */
		C00CEF0E2BB55206004C7016 /* XCRemoteSwiftPackageReference "SDWebImageSwiftUI" */ = {
			isa = XCRemoteSwiftPackageReference;
			repositoryURL = "https://github.com/SDWebImage/SDWebImageSwiftUI.git";
			requirement = {
				kind = upToNextMajorVersion;
				minimumVersion = 3.0.0;
			};
		};
		C047E9D32B45652000C6D48F /* XCRemoteSwiftPackageReference "firebase-ios-sdk" */ = {
			isa = XCRemoteSwiftPackageReference;
			repositoryURL = "https://github.com/firebase/firebase-ios-sdk.git";
			requirement = {
				kind = upToNextMajorVersion;
				minimumVersion = 10.19.0;
			};
		};
/* End XCRemoteSwiftPackageReference section */

/* Begin XCSwiftPackageProductDependency section */
		C00CEF0F2BB55206004C7016 /* SDWebImageSwiftUI */ = {
			isa = XCSwiftPackageProductDependency;
			package = C00CEF0E2BB55206004C7016 /* XCRemoteSwiftPackageReference "SDWebImageSwiftUI" */;
			productName = SDWebImageSwiftUI;
		};
		C047E9D42B45652000C6D48F /* FirebaseAuth */ = {
			isa = XCSwiftPackageProductDependency;
			package = C047E9D32B45652000C6D48F /* XCRemoteSwiftPackageReference "firebase-ios-sdk" */;
			productName = FirebaseAuth;
		};
		C047E9D62B45652000C6D48F /* FirebaseFirestore */ = {
			isa = XCSwiftPackageProductDependency;
			package = C047E9D32B45652000C6D48F /* XCRemoteSwiftPackageReference "firebase-ios-sdk" */;
			productName = FirebaseFirestore;
		};
		C047E9D82B45652000C6D48F /* FirebaseFirestoreSwift */ = {
			isa = XCSwiftPackageProductDependency;
			package = C047E9D32B45652000C6D48F /* XCRemoteSwiftPackageReference "firebase-ios-sdk" */;
			productName = FirebaseFirestoreSwift;
		};
		C047E9DA2B45652000C6D48F /* FirebaseStorage */ = {
			isa = XCSwiftPackageProductDependency;
			package = C047E9D32B45652000C6D48F /* XCRemoteSwiftPackageReference "firebase-ios-sdk" */;
			productName = FirebaseStorage;
		};
		C0E63A752C8EFF6F0041E598 /* FirebaseAnalytics */ = {
			isa = XCSwiftPackageProductDependency;
			package = C047E9D32B45652000C6D48F /* XCRemoteSwiftPackageReference "firebase-ios-sdk" */;
			productName = FirebaseAnalytics;
		};
		C0E63A772C8EFF9D0041E598 /* FirebaseMessaging */ = {
			isa = XCSwiftPackageProductDependency;
			package = C047E9D32B45652000C6D48F /* XCRemoteSwiftPackageReference "firebase-ios-sdk" */;
			productName = FirebaseMessaging;
		};
/* End XCSwiftPackageProductDependency section */
	};
	rootObject = C047E9B82B45625C00C6D48F /* Project object */;
}
