// !$*UTF8*$!
{
	archiveVersion = 1;
	classes = {
	};
	objectVersion = 56;
	objects = {

/* Begin PBXBuildFile section */
		C0027F482C5BDD59009DABF3 /* DBUserModel.swift in Sources */ = {isa = PBXBuildFile; fileRef = C0027F472C5BDD59009DABF3 /* DBUserModel.swift */; };
		C00658F42CFF1B1400270967 /* NewContacts.swift in Sources */ = {isa = PBXBuildFile; fileRef = C00658F32CFF1B0500270967 /* NewContacts.swift */; };
		C00C31432CA1B5BA00E5F962 /* MyVariables.swift in Sources */ = {isa = PBXBuildFile; fileRef = C00C31422CA1B5BA00E5F962 /* MyVariables.swift */; };
		C00CEF102BB55206004C7016 /* SDWebImageSwiftUI in Frameworks */ = {isa = PBXBuildFile; productRef = C00CEF0F2BB55206004C7016 /* SDWebImageSwiftUI */; };
		C0180A342CBA6A35009E9163 /* TokenModel.swift in Sources */ = {isa = PBXBuildFile; fileRef = C0180A332CBA6A35009E9163 /* TokenModel.swift */; };
		C0180A362CBA6FF5009E9163 /* TokensManager.swift in Sources */ = {isa = PBXBuildFile; fileRef = C0180A352CBA6FF5009E9163 /* TokensManager.swift */; };
		C01FE5A62B67ED9D0049B9EE /* SearchXavierView.swift in Sources */ = {isa = PBXBuildFile; fileRef = C01FE5A52B67ED9D0049B9EE /* SearchXavierView.swift */; };
		C01FE5AB2B67F47E0049B9EE /* ContactCellView.swift in Sources */ = {isa = PBXBuildFile; fileRef = C01FE5AA2B67F47E0049B9EE /* ContactCellView.swift */; };
		C01FE5AD2B67F7F70049B9EE /* ContactManager.swift in Sources */ = {isa = PBXBuildFile; fileRef = C01FE5AC2B67F7F70049B9EE /* ContactManager.swift */; };
		C02048842CCFEC0E0032178E /* SignInGoogleHelper.swift in Sources */ = {isa = PBXBuildFile; fileRef = C02048832CCFEC0E0032178E /* SignInGoogleHelper.swift */; };
		C02A0CFF2BD3C5FB000E58D4 /* ContactsView.swift in Sources */ = {isa = PBXBuildFile; fileRef = C02A0CFE2BD3C5FB000E58D4 /* ContactsView.swift */; };
		C02A8C382BB1D62E005ECF0F /* LastMessagesCellView.swift in Sources */ = {isa = PBXBuildFile; fileRef = C02A8C372BB1D62E005ECF0F /* LastMessagesCellView.swift */; };
		C03763872C41210200A5602B /* GoogleService-Info.plist in Resources */ = {isa = PBXBuildFile; fileRef = C03763862C41210200A5602B /* GoogleService-Info.plist */; };
		C037638A2C4128D000A5602B /* Utilities.swift in Sources */ = {isa = PBXBuildFile; fileRef = C03763892C4128D000A5602B /* Utilities.swift */; };
		C03C39962C5A2BC900A23D33 /* UsersCellView.swift in Sources */ = {isa = PBXBuildFile; fileRef = C03C39952C5A2BC900A23D33 /* UsersCellView.swift */; };
		C043F9A52C170D08002B3C59 /* DateManager.swift in Sources */ = {isa = PBXBuildFile; fileRef = C043F9A42C170D08002B3C59 /* DateManager.swift */; };
		C0476E7F2BB71086000D860C /* MessagesManager.swift in Sources */ = {isa = PBXBuildFile; fileRef = C0476E7E2BB71086000D860C /* MessagesManager.swift */; };
		C0476E812BB712A4000D860C /* MessagesCellView.swift in Sources */ = {isa = PBXBuildFile; fileRef = C0476E802BB712A4000D860C /* MessagesCellView.swift */; };
		C047E9C42B45625C00C6D48F /* BlablaChatApp.swift in Sources */ = {isa = PBXBuildFile; fileRef = C047E9C32B45625C00C6D48F /* BlablaChatApp.swift */; };
		C047E9C62B45625C00C6D48F /* LoginEmailView.swift in Sources */ = {isa = PBXBuildFile; fileRef = C047E9C52B45625C00C6D48F /* LoginEmailView.swift */; };
		C047E9C82B45625D00C6D48F /* Assets.xcassets in Resources */ = {isa = PBXBuildFile; fileRef = C047E9C72B45625D00C6D48F /* Assets.xcassets */; };
		C047E9CB2B45625D00C6D48F /* Preview Assets.xcassets in Resources */ = {isa = PBXBuildFile; fileRef = C047E9CA2B45625D00C6D48F /* Preview Assets.xcassets */; };
		C047E9D52B45652000C6D48F /* FirebaseAuth in Frameworks */ = {isa = PBXBuildFile; productRef = C047E9D42B45652000C6D48F /* FirebaseAuth */; };
		C047E9D72B45652000C6D48F /* FirebaseFirestore in Frameworks */ = {isa = PBXBuildFile; productRef = C047E9D62B45652000C6D48F /* FirebaseFirestore */; };
		C047E9D92B45652000C6D48F /* FirebaseFirestoreSwift in Frameworks */ = {isa = PBXBuildFile; productRef = C047E9D82B45652000C6D48F /* FirebaseFirestoreSwift */; };
		C047E9DB2B45652000C6D48F /* FirebaseStorage in Frameworks */ = {isa = PBXBuildFile; productRef = C047E9DA2B45652000C6D48F /* FirebaseStorage */; };
		C047E9DE2B45668800C6D48F /* ImagePicker.swift in Sources */ = {isa = PBXBuildFile; fileRef = C047E9DD2B45668800C6D48F /* ImagePicker.swift */; };
		C047E9E02B45767B00C6D48F /* AuthManager.swift in Sources */ = {isa = PBXBuildFile; fileRef = C047E9DF2B45767B00C6D48F /* AuthManager.swift */; };
		C047E9E22B45880400C6D48F /* StorageManager.swift in Sources */ = {isa = PBXBuildFile; fileRef = C047E9E12B45880400C6D48F /* StorageManager.swift */; };
		C048F18C2BAF2E2400742CD2 /* LastMessagesManager.swift in Sources */ = {isa = PBXBuildFile; fileRef = C048F18B2BAF2E2400742CD2 /* LastMessagesManager.swift */; };
		C05D4E3C2C5CB2DD00270938 /* NewMessagesView.swift in Sources */ = {isa = PBXBuildFile; fileRef = C05D4E3B2C5CB2DD00270938 /* NewMessagesView.swift */; };
		C05D4E402C5CBF7900270938 /* RoomModel.swift in Sources */ = {isa = PBXBuildFile; fileRef = C05D4E3F2C5CBF7900270938 /* RoomModel.swift */; };
		C068CD3B2BCD769E0072A797 /* AuthenticationView.swift in Sources */ = {isa = PBXBuildFile; fileRef = C068CD3A2BCD769E0072A797 /* AuthenticationView.swift */; };
		C0695AF12C4915C800CEAA17 /* SignInAppleHelper.swift in Sources */ = {isa = PBXBuildFile; fileRef = C0695AF02C4915C800CEAA17 /* SignInAppleHelper.swift */; };
		C06A8DB92BAEC5030007436C /* TimestampToString.swift in Sources */ = {isa = PBXBuildFile; fileRef = C06A8DB82BAEC5030007436C /* TimestampToString.swift */; };
		C06A93782CAC4B2A004B68AC /* MessageBigImage.swift in Sources */ = {isa = PBXBuildFile; fileRef = C06A93772CAC4B2A004B68AC /* MessageBigImage.swift */; };
		C06CD6E32D01B4610055F0C5 /* ContactsPickerView.swift in Sources */ = {isa = PBXBuildFile; fileRef = C06CD6E22D01B4610055F0C5 /* ContactsPickerView.swift */; };
		C070D6422C5380C4006170E3 /* Color.swift in Sources */ = {isa = PBXBuildFile; fileRef = C070D6412C5380C4006170E3 /* Color.swift */; };
		C07564EC2BADEA8500E8D7D9 /* LastMessagesView.swift in Sources */ = {isa = PBXBuildFile; fileRef = C07564EB2BADEA8500E8D7D9 /* LastMessagesView.swift */; };
		C07723242BC6877900AC0990 /* MessagesCellPhoto.swift in Sources */ = {isa = PBXBuildFile; fileRef = C07723232BC6877900AC0990 /* MessagesCellPhoto.swift */; };
		C07F38B72C15A4F300B481B5 /* CellView.swift in Sources */ = {isa = PBXBuildFile; fileRef = C07F38B62C15A4F300B481B5 /* CellView.swift */; };
		C08A249E2C5243DD00B22A3B /* SDWebImageLoader.swift in Sources */ = {isa = PBXBuildFile; fileRef = C08A249D2C5243DD00B22A3B /* SDWebImageLoader.swift */; };
		C0ABF6F82D004CAB00BFD2EB /* ButtonContacts.swift in Sources */ = {isa = PBXBuildFile; fileRef = C0ABF6F72D004CAB00BFD2EB /* ButtonContacts.swift */; };
		C0AF17C72C5A1BD700B27376 /* UsersView.swift in Sources */ = {isa = PBXBuildFile; fileRef = C0AF17C62C5A1BD700B27376 /* UsersView.swift */; };
		C0B73E9A2C6AAB2C00B43F19 /* MessageBubble.swift in Sources */ = {isa = PBXBuildFile; fileRef = C0B73E992C6AAB2C00B43F19 /* MessageBubble.swift */; };
		C0B8555C2BBBFD5900B3956A /* TextBarView.swift in Sources */ = {isa = PBXBuildFile; fileRef = C0B8555B2BBBFD5900B3956A /* TextBarView.swift */; };
		C0B9DC822B5E872B006C2B46 /* HandleSendView.swift in Sources */ = {isa = PBXBuildFile; fileRef = C0B9DC812B5E872B006C2B46 /* HandleSendView.swift */; };
		C0C1A9492B62ACC400646851 /* SearchNick.swift in Sources */ = {isa = PBXBuildFile; fileRef = C0C1A9482B62ACC400646851 /* SearchNick.swift */; };
		C0C5EEEB2CD3A00800D46C09 /* SettingsView.swift in Sources */ = {isa = PBXBuildFile; fileRef = C0C5EEEA2CD3A00800D46C09 /* SettingsView.swift */; };
		C0D565F42B7CAF8E00EE0DA0 /* RootView.swift in Sources */ = {isa = PBXBuildFile; fileRef = C0D565F32B7CAF8E00EE0DA0 /* RootView.swift */; };
		C0D70C322C3FDB9300DA0069 /* GoogleSignIn in Frameworks */ = {isa = PBXBuildFile; productRef = C0D70C312C3FDB9300DA0069 /* GoogleSignIn */; };
		C0D70C342C3FDB9300DA0069 /* GoogleSignInSwift in Frameworks */ = {isa = PBXBuildFile; productRef = C0D70C332C3FDB9300DA0069 /* GoogleSignInSwift */; };
		C0D84B6E2C5B846A00AE9B21 /* UsersManager.swift in Sources */ = {isa = PBXBuildFile; fileRef = C0D84B6D2C5B846A00AE9B21 /* UsersManager.swift */; };
		C0D84B732C5B898A00AE9B21 /* MessageModel.swift in Sources */ = {isa = PBXBuildFile; fileRef = C0D84B722C5B898A00AE9B21 /* MessageModel.swift */; };
		C0D84B752C5B8A2900AE9B21 /* MemberModel.swift in Sources */ = {isa = PBXBuildFile; fileRef = C0D84B742C5B8A2900AE9B21 /* MemberModel.swift */; };
		C0E63A762C8EFF6F0041E598 /* FirebaseAnalytics in Frameworks */ = {isa = PBXBuildFile; productRef = C0E63A752C8EFF6F0041E598 /* FirebaseAnalytics */; };
		C0E63A782C8EFF9D0041E598 /* FirebaseMessaging in Frameworks */ = {isa = PBXBuildFile; productRef = C0E63A772C8EFF9D0041E598 /* FirebaseMessaging */; };
		C0EE66AC2B62654A002F13EB /* MessageBarView.swift in Sources */ = {isa = PBXBuildFile; fileRef = C0EE66AB2B62654A002F13EB /* MessageBarView.swift */; };
		C0FAA0922C241DD90009DFF7 /* EmailShort.swift in Sources */ = {isa = PBXBuildFile; fileRef = C0FAA0912C241DD90009DFF7 /* EmailShort.swift */; };
		C0FAA0942C242C340009DFF7 /* MessageShort.swift in Sources */ = {isa = PBXBuildFile; fileRef = C0FAA0932C242C340009DFF7 /* MessageShort.swift */; };
/* End PBXBuildFile section */

/* Begin PBXFileReference section */
		C0027F472C5BDD59009DABF3 /* DBUserModel.swift */ = {isa = PBXFileReference; lastKnownFileType = sourcecode.swift; path = DBUserModel.swift; sourceTree = "<group>"; };
		C00658F32CFF1B0500270967 /* NewContacts.swift */ = {isa = PBXFileReference; lastKnownFileType = sourcecode.swift; path = NewContacts.swift; sourceTree = "<group>"; };
		C00C31422CA1B5BA00E5F962 /* MyVariables.swift */ = {isa = PBXFileReference; lastKnownFileType = sourcecode.swift; path = MyVariables.swift; sourceTree = "<group>"; };
		C0180A332CBA6A35009E9163 /* TokenModel.swift */ = {isa = PBXFileReference; lastKnownFileType = sourcecode.swift; path = TokenModel.swift; sourceTree = "<group>"; };
		C0180A352CBA6FF5009E9163 /* TokensManager.swift */ = {isa = PBXFileReference; lastKnownFileType = sourcecode.swift; path = TokensManager.swift; sourceTree = "<group>"; };
		C01FE5A52B67ED9D0049B9EE /* SearchXavierView.swift */ = {isa = PBXFileReference; lastKnownFileType = sourcecode.swift; path = SearchXavierView.swift; sourceTree = "<group>"; };
		C01FE5AA2B67F47E0049B9EE /* ContactCellView.swift */ = {isa = PBXFileReference; lastKnownFileType = sourcecode.swift; path = ContactCellView.swift; sourceTree = "<group>"; };
		C01FE5AC2B67F7F70049B9EE /* ContactManager.swift */ = {isa = PBXFileReference; lastKnownFileType = sourcecode.swift; path = ContactManager.swift; sourceTree = "<group>"; };
		C02048832CCFEC0E0032178E /* SignInGoogleHelper.swift */ = {isa = PBXFileReference; lastKnownFileType = sourcecode.swift; path = SignInGoogleHelper.swift; sourceTree = "<group>"; };
		C02A0CFE2BD3C5FB000E58D4 /* ContactsView.swift */ = {isa = PBXFileReference; lastKnownFileType = sourcecode.swift; path = ContactsView.swift; sourceTree = "<group>"; };
		C02A8C372BB1D62E005ECF0F /* LastMessagesCellView.swift */ = {isa = PBXFileReference; lastKnownFileType = sourcecode.swift; path = LastMessagesCellView.swift; sourceTree = "<group>"; };
		C02F63DB2C8778F10032A0CD /* BlablaChat.entitlements */ = {isa = PBXFileReference; lastKnownFileType = text.plist.entitlements; path = BlablaChat.entitlements; sourceTree = "<group>"; };
		C03763852C411F3700A5602B /* Info.plist */ = {isa = PBXFileReference; lastKnownFileType = text.plist; path = Info.plist; sourceTree = "<group>"; };
		C03763862C41210200A5602B /* GoogleService-Info.plist */ = {isa = PBXFileReference; fileEncoding = 4; lastKnownFileType = text.plist.xml; path = "GoogleService-Info.plist"; sourceTree = "<group>"; };
		C03763892C4128D000A5602B /* Utilities.swift */ = {isa = PBXFileReference; lastKnownFileType = sourcecode.swift; path = Utilities.swift; sourceTree = "<group>"; };
		C03C39952C5A2BC900A23D33 /* UsersCellView.swift */ = {isa = PBXFileReference; lastKnownFileType = sourcecode.swift; path = UsersCellView.swift; sourceTree = "<group>"; };
		C043F9A42C170D08002B3C59 /* DateManager.swift */ = {isa = PBXFileReference; lastKnownFileType = sourcecode.swift; path = DateManager.swift; sourceTree = "<group>"; };
		C0476E7E2BB71086000D860C /* MessagesManager.swift */ = {isa = PBXFileReference; lastKnownFileType = sourcecode.swift; path = MessagesManager.swift; sourceTree = "<group>"; };
		C0476E802BB712A4000D860C /* MessagesCellView.swift */ = {isa = PBXFileReference; lastKnownFileType = sourcecode.swift; path = MessagesCellView.swift; sourceTree = "<group>"; };
		C047E9C02B45625C00C6D48F /* BlablaChat.app */ = {isa = PBXFileReference; explicitFileType = wrapper.application; includeInIndex = 0; path = BlablaChat.app; sourceTree = BUILT_PRODUCTS_DIR; };
		C047E9C32B45625C00C6D48F /* BlablaChatApp.swift */ = {isa = PBXFileReference; lastKnownFileType = sourcecode.swift; path = BlablaChatApp.swift; sourceTree = "<group>"; };
		C047E9C52B45625C00C6D48F /* LoginEmailView.swift */ = {isa = PBXFileReference; lastKnownFileType = sourcecode.swift; path = LoginEmailView.swift; sourceTree = "<group>"; };
		C047E9C72B45625D00C6D48F /* Assets.xcassets */ = {isa = PBXFileReference; lastKnownFileType = folder.assetcatalog; path = Assets.xcassets; sourceTree = "<group>"; };
		C047E9CA2B45625D00C6D48F /* Preview Assets.xcassets */ = {isa = PBXFileReference; lastKnownFileType = folder.assetcatalog; path = "Preview Assets.xcassets"; sourceTree = "<group>"; };
		C047E9DD2B45668800C6D48F /* ImagePicker.swift */ = {isa = PBXFileReference; lastKnownFileType = sourcecode.swift; path = ImagePicker.swift; sourceTree = "<group>"; };
		C047E9DF2B45767B00C6D48F /* AuthManager.swift */ = {isa = PBXFileReference; lastKnownFileType = sourcecode.swift; path = AuthManager.swift; sourceTree = "<group>"; };
		C047E9E12B45880400C6D48F /* StorageManager.swift */ = {isa = PBXFileReference; lastKnownFileType = sourcecode.swift; path = StorageManager.swift; sourceTree = "<group>"; };
		C048F18B2BAF2E2400742CD2 /* LastMessagesManager.swift */ = {isa = PBXFileReference; lastKnownFileType = sourcecode.swift; path = LastMessagesManager.swift; sourceTree = "<group>"; };
		C04C3A7A2C85C7CD0044B21B /* PrivacyInfo.xcprivacy */ = {isa = PBXFileReference; lastKnownFileType = text.xml; path = PrivacyInfo.xcprivacy; sourceTree = "<group>"; };
		C05D4E3B2C5CB2DD00270938 /* NewMessagesView.swift */ = {isa = PBXFileReference; lastKnownFileType = sourcecode.swift; path = NewMessagesView.swift; sourceTree = "<group>"; };
		C05D4E3F2C5CBF7900270938 /* RoomModel.swift */ = {isa = PBXFileReference; lastKnownFileType = sourcecode.swift; path = RoomModel.swift; sourceTree = "<group>"; };
		C068CD3A2BCD769E0072A797 /* AuthenticationView.swift */ = {isa = PBXFileReference; lastKnownFileType = sourcecode.swift; path = AuthenticationView.swift; sourceTree = "<group>"; };
		C0695AF02C4915C800CEAA17 /* SignInAppleHelper.swift */ = {isa = PBXFileReference; lastKnownFileType = sourcecode.swift; path = SignInAppleHelper.swift; sourceTree = "<group>"; };
		C06A8DB82BAEC5030007436C /* TimestampToString.swift */ = {isa = PBXFileReference; lastKnownFileType = sourcecode.swift; path = TimestampToString.swift; sourceTree = "<group>"; };
		C06A93772CAC4B2A004B68AC /* MessageBigImage.swift */ = {isa = PBXFileReference; lastKnownFileType = sourcecode.swift; path = MessageBigImage.swift; sourceTree = "<group>"; };
		C06CD6E22D01B4610055F0C5 /* ContactsPickerView.swift */ = {isa = PBXFileReference; lastKnownFileType = sourcecode.swift; path = ContactsPickerView.swift; sourceTree = "<group>"; };
		C070D6412C5380C4006170E3 /* Color.swift */ = {isa = PBXFileReference; lastKnownFileType = sourcecode.swift; path = Color.swift; sourceTree = "<group>"; };
		C07564EB2BADEA8500E8D7D9 /* LastMessagesView.swift */ = {isa = PBXFileReference; lastKnownFileType = sourcecode.swift; path = LastMessagesView.swift; sourceTree = "<group>"; };
		C07723232BC6877900AC0990 /* MessagesCellPhoto.swift */ = {isa = PBXFileReference; lastKnownFileType = sourcecode.swift; path = MessagesCellPhoto.swift; sourceTree = "<group>"; };
		C07F38B62C15A4F300B481B5 /* CellView.swift */ = {isa = PBXFileReference; lastKnownFileType = sourcecode.swift; path = CellView.swift; sourceTree = "<group>"; };
		C08A249D2C5243DD00B22A3B /* SDWebImageLoader.swift */ = {isa = PBXFileReference; lastKnownFileType = sourcecode.swift; path = SDWebImageLoader.swift; sourceTree = "<group>"; };
		C0ABF6F72D004CAB00BFD2EB /* ButtonContacts.swift */ = {isa = PBXFileReference; lastKnownFileType = sourcecode.swift; path = ButtonContacts.swift; sourceTree = "<group>"; };
		C0AF17C62C5A1BD700B27376 /* UsersView.swift */ = {isa = PBXFileReference; lastKnownFileType = sourcecode.swift; path = UsersView.swift; sourceTree = "<group>"; };
		C0B73E992C6AAB2C00B43F19 /* MessageBubble.swift */ = {isa = PBXFileReference; lastKnownFileType = sourcecode.swift; path = MessageBubble.swift; sourceTree = "<group>"; };
		C0B8555B2BBBFD5900B3956A /* TextBarView.swift */ = {isa = PBXFileReference; lastKnownFileType = sourcecode.swift; path = TextBarView.swift; sourceTree = "<group>"; };
		C0B9DC812B5E872B006C2B46 /* HandleSendView.swift */ = {isa = PBXFileReference; lastKnownFileType = sourcecode.swift; path = HandleSendView.swift; sourceTree = "<group>"; };
		C0C1A9482B62ACC400646851 /* SearchNick.swift */ = {isa = PBXFileReference; lastKnownFileType = sourcecode.swift; path = SearchNick.swift; sourceTree = "<group>"; };
		C0C5EEEA2CD3A00800D46C09 /* SettingsView.swift */ = {isa = PBXFileReference; lastKnownFileType = sourcecode.swift; path = SettingsView.swift; sourceTree = "<group>"; };
		C0D565F32B7CAF8E00EE0DA0 /* RootView.swift */ = {isa = PBXFileReference; lastKnownFileType = sourcecode.swift; path = RootView.swift; sourceTree = "<group>"; };
		C0D84B6D2C5B846A00AE9B21 /* UsersManager.swift */ = {isa = PBXFileReference; lastKnownFileType = sourcecode.swift; path = UsersManager.swift; sourceTree = "<group>"; };
		C0D84B722C5B898A00AE9B21 /* MessageModel.swift */ = {isa = PBXFileReference; lastKnownFileType = sourcecode.swift; path = MessageModel.swift; sourceTree = "<group>"; };
		C0D84B742C5B8A2900AE9B21 /* MemberModel.swift */ = {isa = PBXFileReference; lastKnownFileType = sourcecode.swift; path = MemberModel.swift; sourceTree = "<group>"; };
		C0EE66AB2B62654A002F13EB /* MessageBarView.swift */ = {isa = PBXFileReference; lastKnownFileType = sourcecode.swift; path = MessageBarView.swift; sourceTree = "<group>"; };
		C0FAA0912C241DD90009DFF7 /* EmailShort.swift */ = {isa = PBXFileReference; lastKnownFileType = sourcecode.swift; path = EmailShort.swift; sourceTree = "<group>"; };
		C0FAA0932C242C340009DFF7 /* MessageShort.swift */ = {isa = PBXFileReference; lastKnownFileType = sourcecode.swift; path = MessageShort.swift; sourceTree = "<group>"; };
/* End PBXFileReference section */

/* Begin PBXFrameworksBuildPhase section */
		C047E9BD2B45625C00C6D48F /* Frameworks */ = {
			isa = PBXFrameworksBuildPhase;
			buildActionMask = 2147483647;
			files = (
				C0E63A782C8EFF9D0041E598 /* FirebaseMessaging in Frameworks */,
				C00CEF102BB55206004C7016 /* SDWebImageSwiftUI in Frameworks */,
				C047E9D52B45652000C6D48F /* FirebaseAuth in Frameworks */,
				C0E63A762C8EFF6F0041E598 /* FirebaseAnalytics in Frameworks */,
				C0D70C342C3FDB9300DA0069 /* GoogleSignInSwift in Frameworks */,
				C047E9DB2B45652000C6D48F /* FirebaseStorage in Frameworks */,
				C047E9D72B45652000C6D48F /* FirebaseFirestore in Frameworks */,
				C047E9D92B45652000C6D48F /* FirebaseFirestoreSwift in Frameworks */,
				C0D70C322C3FDB9300DA0069 /* GoogleSignIn in Frameworks */,
			);
			runOnlyForDeploymentPostprocessing = 0;
		};
/* End PBXFrameworksBuildPhase section */

/* Begin PBXGroup section */
		C01FE5A72B67F0610049B9EE /* StandBy */ = {
			isa = PBXGroup;
			children = (
				C0ABF6F72D004CAB00BFD2EB /* ButtonContacts.swift */,
				C00658F32CFF1B0500270967 /* NewContacts.swift */,
				C06B1DDF2B74D4330016E8B6 /* Contacts */,
				C0B9DC812B5E872B006C2B46 /* HandleSendView.swift */,
				C0C1A9482B62ACC400646851 /* SearchNick.swift */,
				C01FE5A52B67ED9D0049B9EE /* SearchXavierView.swift */,
				C0EE66AB2B62654A002F13EB /* MessageBarView.swift */,
				C07F38B62C15A4F300B481B5 /* CellView.swift */,
			);
			path = StandBy;
			sourceTree = "<group>";
		};
		C02BEDAC2B7E012600C15D11 /* Managers */ = {
			isa = PBXGroup;
			children = (
				C047E9E12B45880400C6D48F /* StorageManager.swift */,
				C0180A352CBA6FF5009E9163 /* TokensManager.swift */,
			);
			path = Managers;
			sourceTree = "<group>";
		};
		C03763882C4128A500A5602B /* Utilities */ = {
			isa = PBXGroup;
			children = (
				C03763892C4128D000A5602B /* Utilities.swift */,
				C08A249D2C5243DD00B22A3B /* SDWebImageLoader.swift */,
			);
			path = Utilities;
			sourceTree = "<group>";
		};
		C0476E7B2BB70FF9000D860C /* Messages */ = {
			isa = PBXGroup;
			children = (
				C05D4E3B2C5CB2DD00270938 /* NewMessagesView.swift */,
				C0476E7E2BB71086000D860C /* MessagesManager.swift */,
				C0476E802BB712A4000D860C /* MessagesCellView.swift */,
				C07723232BC6877900AC0990 /* MessagesCellPhoto.swift */,
				C06A93772CAC4B2A004B68AC /* MessageBigImage.swift */,
			);
			path = Messages;
			sourceTree = "<group>";
		};
		C047E9B72B45625C00C6D48F = {
			isa = PBXGroup;
			children = (
				C047E9C22B45625C00C6D48F /* BlablaChat */,
				C047E9C12B45625C00C6D48F /* Products */,
				C0E63A742C8EFF6F0041E598 /* Frameworks */,
			);
			sourceTree = "<group>";
		};
		C047E9C12B45625C00C6D48F /* Products */ = {
			isa = PBXGroup;
			children = (
				C047E9C02B45625C00C6D48F /* BlablaChat.app */,
			);
			name = Products;
			sourceTree = "<group>";
		};
		C047E9C22B45625C00C6D48F /* BlablaChat */ = {
			isa = PBXGroup;
			children = (
				C02F63DB2C8778F10032A0CD /* BlablaChat.entitlements */,
				C03763852C411F3700A5602B /* Info.plist */,
				C047E9C32B45625C00C6D48F /* BlablaChatApp.swift */,
				C0D565F32B7CAF8E00EE0DA0 /* RootView.swift */,
				C03763882C4128A500A5602B /* Utilities */,
				C070D6402C53809E006170E3 /* Extensions */,
				C0D84B6F2C5B889400AE9B21 /* Models */,
				C0695AEF2C49151400CEAA17 /* Authentication */,
				C07564EA2BADEA4F00E8D7D9 /* LastMessages */,
				C0476E7B2BB70FF9000D860C /* Messages */,
				C0AF17C52C5A1BB500B27376 /* Users */,
				C02BEDAC2B7E012600C15D11 /* Managers */,
				C0B9DC842B5EB05B006C2B46 /* Components */,
				C01FE5A72B67F0610049B9EE /* StandBy */,
				C047E9C72B45625D00C6D48F /* Assets.xcassets */,
				C03763862C41210200A5602B /* GoogleService-Info.plist */,
				C047E9C92B45625D00C6D48F /* Preview Content */,
				C04C3A7A2C85C7CD0044B21B /* PrivacyInfo.xcprivacy */,
			);
			path = BlablaChat;
			sourceTree = "<group>";
		};
		C047E9C92B45625D00C6D48F /* Preview Content */ = {
			isa = PBXGroup;
			children = (
				C047E9CA2B45625D00C6D48F /* Preview Assets.xcassets */,
			);
			path = "Preview Content";
			sourceTree = "<group>";
		};
		C0695AEF2C49151400CEAA17 /* Authentication */ = {
			isa = PBXGroup;
			children = (
				C068CD3A2BCD769E0072A797 /* AuthenticationView.swift */,
				C047E9DF2B45767B00C6D48F /* AuthManager.swift */,
				C047E9C52B45625C00C6D48F /* LoginEmailView.swift */,
				C0695AF02C4915C800CEAA17 /* SignInAppleHelper.swift */,
				C02048832CCFEC0E0032178E /* SignInGoogleHelper.swift */,
			);
			path = Authentication;
			sourceTree = "<group>";
		};
		C06B1DDF2B74D4330016E8B6 /* Contacts */ = {
			isa = PBXGroup;
			children = (
				C02A0CFE2BD3C5FB000E58D4 /* ContactsView.swift */,
				C01FE5AC2B67F7F70049B9EE /* ContactManager.swift */,
				C01FE5AA2B67F47E0049B9EE /* ContactCellView.swift */,
				C06CD6E22D01B4610055F0C5 /* ContactsPickerView.swift */,
			);
			path = Contacts;
			sourceTree = "<group>";
		};
		C070D6402C53809E006170E3 /* Extensions */ = {
			isa = PBXGroup;
			children = (
				C070D6412C5380C4006170E3 /* Color.swift */,
			);
			path = Extensions;
			sourceTree = "<group>";
		};
		C07564EA2BADEA4F00E8D7D9 /* LastMessages */ = {
			isa = PBXGroup;
			children = (
				C07564EB2BADEA8500E8D7D9 /* LastMessagesView.swift */,
				C048F18B2BAF2E2400742CD2 /* LastMessagesManager.swift */,
				C02A8C372BB1D62E005ECF0F /* LastMessagesCellView.swift */,
			);
			path = LastMessages;
			sourceTree = "<group>";
		};
		C0AF17C52C5A1BB500B27376 /* Users */ = {
			isa = PBXGroup;
			children = (
				C0AF17C62C5A1BD700B27376 /* UsersView.swift */,
				C03C39952C5A2BC900A23D33 /* UsersCellView.swift */,
				C0D84B6D2C5B846A00AE9B21 /* UsersManager.swift */,
				C0C5EEEA2CD3A00800D46C09 /* SettingsView.swift */,
			);
			path = Users;
			sourceTree = "<group>";
		};
		C0B9DC842B5EB05B006C2B46 /* Components */ = {
			isa = PBXGroup;
			children = (
				C047E9DD2B45668800C6D48F /* ImagePicker.swift */,
				C06A8DB82BAEC5030007436C /* TimestampToString.swift */,
				C0B8555B2BBBFD5900B3956A /* TextBarView.swift */,
				C043F9A42C170D08002B3C59 /* DateManager.swift */,
				C0FAA0912C241DD90009DFF7 /* EmailShort.swift */,
				C0FAA0932C242C340009DFF7 /* MessageShort.swift */,
			);
			path = Components;
			sourceTree = "<group>";
		};
		C0D84B6F2C5B889400AE9B21 /* Models */ = {
			isa = PBXGroup;
			children = (
				C00C31422CA1B5BA00E5F962 /* MyVariables.swift */,
				C0D84B722C5B898A00AE9B21 /* MessageModel.swift */,
				C0D84B742C5B8A2900AE9B21 /* MemberModel.swift */,
				C0027F472C5BDD59009DABF3 /* DBUserModel.swift */,
				C05D4E3F2C5CBF7900270938 /* RoomModel.swift */,
				C0B73E992C6AAB2C00B43F19 /* MessageBubble.swift */,
				C0180A332CBA6A35009E9163 /* TokenModel.swift */,
			);
			path = Models;
			sourceTree = "<group>";
		};
		C0E63A742C8EFF6F0041E598 /* Frameworks */ = {
			isa = PBXGroup;
			children = (
			);
			name = Frameworks;
			sourceTree = "<group>";
		};
/* End PBXGroup section */

/* Begin PBXNativeTarget section */
		C047E9BF2B45625C00C6D48F /* BlablaChat */ = {
			isa = PBXNativeTarget;
			buildConfigurationList = C047E9CE2B45625D00C6D48F /* Build configuration list for PBXNativeTarget "BlablaChat" */;
			buildPhases = (
				C047E9BC2B45625C00C6D48F /* Sources */,
				C047E9BD2B45625C00C6D48F /* Frameworks */,
				C047E9BE2B45625C00C6D48F /* Resources */,
			);
			buildRules = (
			);
			dependencies = (
			);
			name = BlablaChat;
			packageProductDependencies = (
				C047E9D42B45652000C6D48F /* FirebaseAuth */,
				C047E9D62B45652000C6D48F /* FirebaseFirestore */,
				C047E9D82B45652000C6D48F /* FirebaseFirestoreSwift */,
				C047E9DA2B45652000C6D48F /* FirebaseStorage */,
				C00CEF0F2BB55206004C7016 /* SDWebImageSwiftUI */,
				C0D70C312C3FDB9300DA0069 /* GoogleSignIn */,
				C0D70C332C3FDB9300DA0069 /* GoogleSignInSwift */,
				C0E63A752C8EFF6F0041E598 /* FirebaseAnalytics */,
				C0E63A772C8EFF9D0041E598 /* FirebaseMessaging */,
			);
			productName = BlablaChat;
			productReference = C047E9C02B45625C00C6D48F /* BlablaChat.app */;
			productType = "com.apple.product-type.application";
		};
/* End PBXNativeTarget section */

/* Begin PBXProject section */
		C047E9B82B45625C00C6D48F /* Project object */ = {
			isa = PBXProject;
			attributes = {
				BuildIndependentTargetsInParallel = 1;
				LastSwiftUpdateCheck = 1430;
				LastUpgradeCheck = 1540;
				TargetAttributes = {
					C047E9BF2B45625C00C6D48F = {
						CreatedOnToolsVersion = 14.3.1;
					};
				};
			};
			buildConfigurationList = C047E9BB2B45625C00C6D48F /* Build configuration list for PBXProject "BlablaChat" */;
			compatibilityVersion = "Xcode 14.0";
			developmentRegion = en;
			hasScannedForEncodings = 0;
			knownRegions = (
				en,
				Base,
			);
			mainGroup = C047E9B72B45625C00C6D48F;
			packageReferences = (
				C047E9D32B45652000C6D48F /* XCRemoteSwiftPackageReference "firebase-ios-sdk" */,
				C00CEF0E2BB55206004C7016 /* XCRemoteSwiftPackageReference "SDWebImageSwiftUI" */,
				C0D70C302C3FDB9300DA0069 /* XCRemoteSwiftPackageReference "GoogleSignIn-iOS" */,
			);
			productRefGroup = C047E9C12B45625C00C6D48F /* Products */;
			projectDirPath = "";
			projectRoot = "";
			targets = (
				C047E9BF2B45625C00C6D48F /* BlablaChat */,
			);
		};
/* End PBXProject section */

/* Begin PBXResourcesBuildPhase section */
		C047E9BE2B45625C00C6D48F /* Resources */ = {
			isa = PBXResourcesBuildPhase;
			buildActionMask = 2147483647;
			files = (
				C047E9CB2B45625D00C6D48F /* Preview Assets.xcassets in Resources */,
				C03763872C41210200A5602B /* GoogleService-Info.plist in Resources */,
				C047E9C82B45625D00C6D48F /* Assets.xcassets in Resources */,
			);
			runOnlyForDeploymentPostprocessing = 0;
		};
/* End PBXResourcesBuildPhase section */

/* Begin PBXSourcesBuildPhase section */
		C047E9BC2B45625C00C6D48F /* Sources */ = {
			isa = PBXSourcesBuildPhase;
			buildActionMask = 2147483647;
			files = (
				C07723242BC6877900AC0990 /* MessagesCellPhoto.swift in Sources */,
				C0C5EEEB2CD3A00800D46C09 /* SettingsView.swift in Sources */,
				C02048842CCFEC0E0032178E /* SignInGoogleHelper.swift in Sources */,
				C0180A342CBA6A35009E9163 /* TokenModel.swift in Sources */,
				C0ABF6F82D004CAB00BFD2EB /* ButtonContacts.swift in Sources */,
				C0B73E9A2C6AAB2C00B43F19 /* MessageBubble.swift in Sources */,
				C0C1A9492B62ACC400646851 /* SearchNick.swift in Sources */,
				C08A249E2C5243DD00B22A3B /* SDWebImageLoader.swift in Sources */,
				C03C39962C5A2BC900A23D33 /* UsersCellView.swift in Sources */,
				C0B9DC822B5E872B006C2B46 /* HandleSendView.swift in Sources */,
				C0AF17C72C5A1BD700B27376 /* UsersView.swift in Sources */,
				C0EE66AC2B62654A002F13EB /* MessageBarView.swift in Sources */,
				C0D84B6E2C5B846A00AE9B21 /* UsersManager.swift in Sources */,
				C0027F482C5BDD59009DABF3 /* DBUserModel.swift in Sources */,
				C05D4E402C5CBF7900270938 /* RoomModel.swift in Sources */,
				C00C31432CA1B5BA00E5F962 /* MyVariables.swift in Sources */,
				C00658F42CFF1B1400270967 /* NewContacts.swift in Sources */,
				C037638A2C4128D000A5602B /* Utilities.swift in Sources */,
				C02A8C382BB1D62E005ECF0F /* LastMessagesCellView.swift in Sources */,
				C07564EC2BADEA8500E8D7D9 /* LastMessagesView.swift in Sources */,
				C043F9A52C170D08002B3C59 /* DateManager.swift in Sources */,
				C05D4E3C2C5CB2DD00270938 /* NewMessagesView.swift in Sources */,
				C01FE5AD2B67F7F70049B9EE /* ContactManager.swift in Sources */,
				C01FE5AB2B67F47E0049B9EE /* ContactCellView.swift in Sources */,
				C047E9DE2B45668800C6D48F /* ImagePicker.swift in Sources */,
				C06A8DB92BAEC5030007436C /* TimestampToString.swift in Sources */,
				C01FE5A62B67ED9D0049B9EE /* SearchXavierView.swift in Sources */,
				C06CD6E32D01B4610055F0C5 /* ContactsPickerView.swift in Sources */,
				C06A93782CAC4B2A004B68AC /* MessageBigImage.swift in Sources */,
				C0FAA0922C241DD90009DFF7 /* EmailShort.swift in Sources */,
				C047E9E02B45767B00C6D48F /* AuthManager.swift in Sources */,
				C0476E7F2BB71086000D860C /* MessagesManager.swift in Sources */,
				C0B8555C2BBBFD5900B3956A /* TextBarView.swift in Sources */,
				C070D6422C5380C4006170E3 /* Color.swift in Sources */,
				C0D84B752C5B8A2900AE9B21 /* MemberModel.swift in Sources */,
				C0695AF12C4915C800CEAA17 /* SignInAppleHelper.swift in Sources */,
				C0D565F42B7CAF8E00EE0DA0 /* RootView.swift in Sources */,
				C048F18C2BAF2E2400742CD2 /* LastMessagesManager.swift in Sources */,
				C07F38B72C15A4F300B481B5 /* CellView.swift in Sources */,
				C068CD3B2BCD769E0072A797 /* AuthenticationView.swift in Sources */,
				C0D84B732C5B898A00AE9B21 /* MessageModel.swift in Sources */,
				C0180A362CBA6FF5009E9163 /* TokensManager.swift in Sources */,
				C0FAA0942C242C340009DFF7 /* MessageShort.swift in Sources */,
				C0476E812BB712A4000D860C /* MessagesCellView.swift in Sources */,
				C047E9E22B45880400C6D48F /* StorageManager.swift in Sources */,
				C047E9C62B45625C00C6D48F /* LoginEmailView.swift in Sources */,
				C02A0CFF2BD3C5FB000E58D4 /* ContactsView.swift in Sources */,
				C047E9C42B45625C00C6D48F /* BlablaChatApp.swift in Sources */,
			);
			runOnlyForDeploymentPostprocessing = 0;
		};
/* End PBXSourcesBuildPhase section */

/* Begin XCBuildConfiguration section */
		C047E9CC2B45625D00C6D48F /* Debug */ = {
			isa = XCBuildConfiguration;
			buildSettings = {
				ALWAYS_SEARCH_USER_PATHS = NO;
				CLANG_ANALYZER_NONNULL = YES;
				CLANG_ANALYZER_NUMBER_OBJECT_CONVERSION = YES_AGGRESSIVE;
				CLANG_CXX_LANGUAGE_STANDARD = "gnu++20";
				CLANG_ENABLE_MODULES = YES;
				CLANG_ENABLE_OBJC_ARC = YES;
				CLANG_ENABLE_OBJC_WEAK = YES;
				CLANG_WARN_BLOCK_CAPTURE_AUTORELEASING = YES;
				CLANG_WARN_BOOL_CONVERSION = YES;
				CLANG_WARN_COMMA = YES;
				CLANG_WARN_CONSTANT_CONVERSION = YES;
				CLANG_WARN_DEPRECATED_OBJC_IMPLEMENTATIONS = YES;
				CLANG_WARN_DIRECT_OBJC_ISA_USAGE = YES_ERROR;
				CLANG_WARN_DOCUMENTATION_COMMENTS = YES;
				CLANG_WARN_EMPTY_BODY = YES;
				CLANG_WARN_ENUM_CONVERSION = YES;
				CLANG_WARN_INFINITE_RECURSION = YES;
				CLANG_WARN_INT_CONVERSION = YES;
				CLANG_WARN_NON_LITERAL_NULL_CONVERSION = YES;
				CLANG_WARN_OBJC_IMPLICIT_RETAIN_SELF = YES;
				CLANG_WARN_OBJC_LITERAL_CONVERSION = YES;
				CLANG_WARN_OBJC_ROOT_CLASS = YES_ERROR;
				CLANG_WARN_QUOTED_INCLUDE_IN_FRAMEWORK_HEADER = YES;
				CLANG_WARN_RANGE_LOOP_ANALYSIS = YES;
				CLANG_WARN_STRICT_PROTOTYPES = YES;
				CLANG_WARN_SUSPICIOUS_MOVE = YES;
				CLANG_WARN_UNGUARDED_AVAILABILITY = YES_AGGRESSIVE;
				CLANG_WARN_UNREACHABLE_CODE = YES;
				CLANG_WARN__DUPLICATE_METHOD_MATCH = YES;
				COPY_PHASE_STRIP = NO;
				DEBUG_INFORMATION_FORMAT = dwarf;
				ENABLE_STRICT_OBJC_MSGSEND = YES;
				ENABLE_TESTABILITY = YES;
				ENABLE_USER_SCRIPT_SANDBOXING = YES;
				GCC_C_LANGUAGE_STANDARD = gnu11;
				GCC_DYNAMIC_NO_PIC = NO;
				GCC_NO_COMMON_BLOCKS = YES;
				GCC_OPTIMIZATION_LEVEL = 0;
				GCC_PREPROCESSOR_DEFINITIONS = (
					"DEBUG=1",
					"$(inherited)",
				);
				GCC_WARN_64_TO_32_BIT_CONVERSION = YES;
				GCC_WARN_ABOUT_RETURN_TYPE = YES_ERROR;
				GCC_WARN_UNDECLARED_SELECTOR = YES;
				GCC_WARN_UNINITIALIZED_AUTOS = YES_AGGRESSIVE;
				GCC_WARN_UNUSED_FUNCTION = YES;
				GCC_WARN_UNUSED_VARIABLE = YES;
				IPHONEOS_DEPLOYMENT_TARGET = 17.6;
				MTL_ENABLE_DEBUG_INFO = INCLUDE_SOURCE;
				MTL_FAST_MATH = YES;
				ONLY_ACTIVE_ARCH = YES;
				SDKROOT = iphoneos;
				SWIFT_ACTIVE_COMPILATION_CONDITIONS = DEBUG;
				SWIFT_OPTIMIZATION_LEVEL = "-Onone";
			};
			name = Debug;
		};
		C047E9CD2B45625D00C6D48F /* Release */ = {
			isa = XCBuildConfiguration;
			buildSettings = {
				ALWAYS_SEARCH_USER_PATHS = NO;
				CLANG_ANALYZER_NONNULL = YES;
				CLANG_ANALYZER_NUMBER_OBJECT_CONVERSION = YES_AGGRESSIVE;
				CLANG_CXX_LANGUAGE_STANDARD = "gnu++20";
				CLANG_ENABLE_MODULES = YES;
				CLANG_ENABLE_OBJC_ARC = YES;
				CLANG_ENABLE_OBJC_WEAK = YES;
				CLANG_WARN_BLOCK_CAPTURE_AUTORELEASING = YES;
				CLANG_WARN_BOOL_CONVERSION = YES;
				CLANG_WARN_COMMA = YES;
				CLANG_WARN_CONSTANT_CONVERSION = YES;
				CLANG_WARN_DEPRECATED_OBJC_IMPLEMENTATIONS = YES;
				CLANG_WARN_DIRECT_OBJC_ISA_USAGE = YES_ERROR;
				CLANG_WARN_DOCUMENTATION_COMMENTS = YES;
				CLANG_WARN_EMPTY_BODY = YES;
				CLANG_WARN_ENUM_CONVERSION = YES;
				CLANG_WARN_INFINITE_RECURSION = YES;
				CLANG_WARN_INT_CONVERSION = YES;
				CLANG_WARN_NON_LITERAL_NULL_CONVERSION = YES;
				CLANG_WARN_OBJC_IMPLICIT_RETAIN_SELF = YES;
				CLANG_WARN_OBJC_LITERAL_CONVERSION = YES;
				CLANG_WARN_OBJC_ROOT_CLASS = YES_ERROR;
				CLANG_WARN_QUOTED_INCLUDE_IN_FRAMEWORK_HEADER = YES;
				CLANG_WARN_RANGE_LOOP_ANALYSIS = YES;
				CLANG_WARN_STRICT_PROTOTYPES = YES;
				CLANG_WARN_SUSPICIOUS_MOVE = YES;
				CLANG_WARN_UNGUARDED_AVAILABILITY = YES_AGGRESSIVE;
				CLANG_WARN_UNREACHABLE_CODE = YES;
				CLANG_WARN__DUPLICATE_METHOD_MATCH = YES;
				COPY_PHASE_STRIP = NO;
				DEBUG_INFORMATION_FORMAT = "dwarf-with-dsym";
				ENABLE_NS_ASSERTIONS = NO;
				ENABLE_STRICT_OBJC_MSGSEND = YES;
				ENABLE_USER_SCRIPT_SANDBOXING = YES;
				GCC_C_LANGUAGE_STANDARD = gnu11;
				GCC_NO_COMMON_BLOCKS = YES;
				GCC_WARN_64_TO_32_BIT_CONVERSION = YES;
				GCC_WARN_ABOUT_RETURN_TYPE = YES_ERROR;
				GCC_WARN_UNDECLARED_SELECTOR = YES;
				GCC_WARN_UNINITIALIZED_AUTOS = YES_AGGRESSIVE;
				GCC_WARN_UNUSED_FUNCTION = YES;
				GCC_WARN_UNUSED_VARIABLE = YES;
				IPHONEOS_DEPLOYMENT_TARGET = 17.6;
				MTL_ENABLE_DEBUG_INFO = NO;
				MTL_FAST_MATH = YES;
				SDKROOT = iphoneos;
				SWIFT_COMPILATION_MODE = wholemodule;
				SWIFT_OPTIMIZATION_LEVEL = "-O";
				VALIDATE_PRODUCT = YES;
			};
			name = Release;
		};
		C047E9CF2B45625D00C6D48F /* Debug */ = {
			isa = XCBuildConfiguration;
			buildSettings = {
				ASSETCATALOG_COMPILER_APPICON_NAME = AppIcon;
				ASSETCATALOG_COMPILER_GLOBAL_ACCENT_COLOR_NAME = AccentColor;
				CODE_SIGN_ENTITLEMENTS = BlablaChat/BlablaChat.entitlements;
				CODE_SIGN_STYLE = Automatic;
				CURRENT_PROJECT_VERSION = 4;
				DEVELOPMENT_ASSET_PATHS = "\"BlablaChat/Preview Content\"";
				DEVELOPMENT_TEAM = Z2D42B65AU;
				ENABLE_PREVIEWS = YES;
				GENERATE_INFOPLIST_FILE = YES;
				INFOPLIST_FILE = BlablaChat/Info.plist;
				INFOPLIST_KEY_CFBundleDisplayName = BlablaChat;
				INFOPLIST_KEY_NSContactsUsageDescription = "Merci d'autoriser l'accès à vos contacts";
				INFOPLIST_KEY_UIApplicationSceneManifest_Generation = YES;
				INFOPLIST_KEY_UIApplicationSupportsIndirectInputEvents = YES;
				INFOPLIST_KEY_UILaunchScreen_Generation = YES;
				INFOPLIST_KEY_UISupportedInterfaceOrientations = "UIInterfaceOrientationPortrait UIInterfaceOrientationPortraitUpsideDown";
				INFOPLIST_KEY_UISupportedInterfaceOrientations_iPad = "UIInterfaceOrientationLandscapeLeft UIInterfaceOrientationLandscapeRight UIInterfaceOrientationPortrait UIInterfaceOrientationPortraitUpsideDown";
				IPHONEOS_DEPLOYMENT_TARGET = 18.0;
				LD_RUNPATH_SEARCH_PATHS = (
					"$(inherited)",
					"@executable_path/Frameworks",
				);
				MARKETING_VERSION = 1.0;
				PRODUCT_BUNDLE_IDENTIFIER = com.xlubetmoncla.BlablaChat;
				PRODUCT_NAME = "$(TARGET_NAME)";
				SUPPORTED_PLATFORMS = "iphoneos iphonesimulator";
				SUPPORTS_MACCATALYST = NO;
				SUPPORTS_MAC_DESIGNED_FOR_IPHONE_IPAD = NO;
				SUPPORTS_XR_DESIGNED_FOR_IPHONE_IPAD = NO;
				SWIFT_EMIT_LOC_STRINGS = YES;
				SWIFT_VERSION = 5.0;
				TARGETED_DEVICE_FAMILY = 1;
			};
			name = Debug;
		};
		C047E9D02B45625D00C6D48F /* Release */ = {
			isa = XCBuildConfiguration;
			buildSettings = {
				ASSETCATALOG_COMPILER_APPICON_NAME = AppIcon;
				ASSETCATALOG_COMPILER_GLOBAL_ACCENT_COLOR_NAME = AccentColor;
				CODE_SIGN_ENTITLEMENTS = BlablaChat/BlablaChat.entitlements;
				CODE_SIGN_STYLE = Automatic;
				CURRENT_PROJECT_VERSION = 4;
				DEVELOPMENT_ASSET_PATHS = "\"BlablaChat/Preview Content\"";
				DEVELOPMENT_TEAM = Z2D42B65AU;
				ENABLE_PREVIEWS = YES;
				GENERATE_INFOPLIST_FILE = YES;
				INFOPLIST_FILE = BlablaChat/Info.plist;
				INFOPLIST_KEY_CFBundleDisplayName = BlablaChat;
				INFOPLIST_KEY_NSContactsUsageDescription = "Merci d'autoriser l'accès à vos contacts";
				INFOPLIST_KEY_UIApplicationSceneManifest_Generation = YES;
				INFOPLIST_KEY_UIApplicationSupportsIndirectInputEvents = YES;
				INFOPLIST_KEY_UILaunchScreen_Generation = YES;
				INFOPLIST_KEY_UISupportedInterfaceOrientations = "UIInterfaceOrientationPortrait UIInterfaceOrientationPortraitUpsideDown";
				INFOPLIST_KEY_UISupportedInterfaceOrientations_iPad = "UIInterfaceOrientationLandscapeLeft UIInterfaceOrientationLandscapeRight UIInterfaceOrientationPortrait UIInterfaceOrientationPortraitUpsideDown";
				IPHONEOS_DEPLOYMENT_TARGET = 18.0;
				LD_RUNPATH_SEARCH_PATHS = (
					"$(inherited)",
					"@executable_path/Frameworks",
				);
				MARKETING_VERSION = 1.0;
				PRODUCT_BUNDLE_IDENTIFIER = com.xlubetmoncla.BlablaChat;
				PRODUCT_NAME = "$(TARGET_NAME)";
				SUPPORTED_PLATFORMS = "iphoneos iphonesimulator";
				SUPPORTS_MACCATALYST = NO;
				SUPPORTS_MAC_DESIGNED_FOR_IPHONE_IPAD = NO;
				SUPPORTS_XR_DESIGNED_FOR_IPHONE_IPAD = NO;
				SWIFT_EMIT_LOC_STRINGS = YES;
				SWIFT_VERSION = 5.0;
				TARGETED_DEVICE_FAMILY = 1;
			};
			name = Release;
		};
/* End XCBuildConfiguration section */

/* Begin XCConfigurationList section */
		C047E9BB2B45625C00C6D48F /* Build configuration list for PBXProject "BlablaChat" */ = {
			isa = XCConfigurationList;
			buildConfigurations = (
				C047E9CC2B45625D00C6D48F /* Debug */,
				C047E9CD2B45625D00C6D48F /* Release */,
			);
			defaultConfigurationIsVisible = 0;
			defaultConfigurationName = Release;
		};
		C047E9CE2B45625D00C6D48F /* Build configuration list for PBXNativeTarget "BlablaChat" */ = {
			isa = XCConfigurationList;
			buildConfigurations = (
				C047E9CF2B45625D00C6D48F /* Debug */,
				C047E9D02B45625D00C6D48F /* Release */,
			);
			defaultConfigurationIsVisible = 0;
			defaultConfigurationName = Release;
		};
/* End XCConfigurationList section */

/* Begin XCRemoteSwiftPackageReference section */
		C00CEF0E2BB55206004C7016 /* XCRemoteSwiftPackageReference "SDWebImageSwiftUI" */ = {
			isa = XCRemoteSwiftPackageReference;
			repositoryURL = "https://github.com/SDWebImage/SDWebImageSwiftUI.git";
			requirement = {
				kind = upToNextMajorVersion;
				minimumVersion = 3.0.0;
			};
		};
		C047E9D32B45652000C6D48F /* XCRemoteSwiftPackageReference "firebase-ios-sdk" */ = {
			isa = XCRemoteSwiftPackageReference;
			repositoryURL = "https://github.com/firebase/firebase-ios-sdk.git";
			requirement = {
				kind = upToNextMajorVersion;
				minimumVersion = 10.19.0;
			};
		};
		C0D70C302C3FDB9300DA0069 /* XCRemoteSwiftPackageReference "GoogleSignIn-iOS" */ = {
			isa = XCRemoteSwiftPackageReference;
			repositoryURL = "https://github.com/google/GoogleSignIn-iOS.git";
			requirement = {
				kind = upToNextMajorVersion;
				minimumVersion = 7.1.0;
			};
		};
/* End XCRemoteSwiftPackageReference section */

/* Begin XCSwiftPackageProductDependency section */
		C00CEF0F2BB55206004C7016 /* SDWebImageSwiftUI */ = {
			isa = XCSwiftPackageProductDependency;
			package = C00CEF0E2BB55206004C7016 /* XCRemoteSwiftPackageReference "SDWebImageSwiftUI" */;
			productName = SDWebImageSwiftUI;
		};
		C047E9D42B45652000C6D48F /* FirebaseAuth */ = {
			isa = XCSwiftPackageProductDependency;
			package = C047E9D32B45652000C6D48F /* XCRemoteSwiftPackageReference "firebase-ios-sdk" */;
			productName = FirebaseAuth;
		};
		C047E9D62B45652000C6D48F /* FirebaseFirestore */ = {
			isa = XCSwiftPackageProductDependency;
			package = C047E9D32B45652000C6D48F /* XCRemoteSwiftPackageReference "firebase-ios-sdk" */;
			productName = FirebaseFirestore;
		};
		C047E9D82B45652000C6D48F /* FirebaseFirestoreSwift */ = {
			isa = XCSwiftPackageProductDependency;
			package = C047E9D32B45652000C6D48F /* XCRemoteSwiftPackageReference "firebase-ios-sdk" */;
			productName = FirebaseFirestoreSwift;
		};
		C047E9DA2B45652000C6D48F /* FirebaseStorage */ = {
			isa = XCSwiftPackageProductDependency;
			package = C047E9D32B45652000C6D48F /* XCRemoteSwiftPackageReference "firebase-ios-sdk" */;
			productName = FirebaseStorage;
		};
		C0D70C312C3FDB9300DA0069 /* GoogleSignIn */ = {
			isa = XCSwiftPackageProductDependency;
			package = C0D70C302C3FDB9300DA0069 /* XCRemoteSwiftPackageReference "GoogleSignIn-iOS" */;
			productName = GoogleSignIn;
		};
		C0D70C332C3FDB9300DA0069 /* GoogleSignInSwift */ = {
			isa = XCSwiftPackageProductDependency;
			package = C0D70C302C3FDB9300DA0069 /* XCRemoteSwiftPackageReference "GoogleSignIn-iOS" */;
			productName = GoogleSignInSwift;
		};
		C0E63A752C8EFF6F0041E598 /* FirebaseAnalytics */ = {
			isa = XCSwiftPackageProductDependency;
			package = C047E9D32B45652000C6D48F /* XCRemoteSwiftPackageReference "firebase-ios-sdk" */;
			productName = FirebaseAnalytics;
		};
		C0E63A772C8EFF9D0041E598 /* FirebaseMessaging */ = {
			isa = XCSwiftPackageProductDependency;
			package = C047E9D32B45652000C6D48F /* XCRemoteSwiftPackageReference "firebase-ios-sdk" */;
			productName = FirebaseMessaging;
		};
/* End XCSwiftPackageProductDependency section */
	};
	rootObject = C047E9B82B45625C00C6D48F /* Project object */;
}
