// !$*UTF8*$!
{
	archiveVersion = 1;
	classes = {
	};
	objectVersion = 56;
	objects = {

/* Begin PBXBuildFile section */
		C00CEF102BB55206004C7016 /* SDWebImageSwiftUI in Frameworks */ = {isa = PBXBuildFile; productRef = C00CEF0F2BB55206004C7016 /* SDWebImageSwiftUI */; };
		C00CEF122BB5538E004C7016 /* WebImageView.swift in Sources */ = {isa = PBXBuildFile; fileRef = C00CEF112BB5538E004C7016 /* WebImageView.swift */; };
		C01FE5A62B67ED9D0049B9EE /* SearchXavierView.swift in Sources */ = {isa = PBXBuildFile; fileRef = C01FE5A52B67ED9D0049B9EE /* SearchXavierView.swift */; };
		C01FE5AB2B67F47E0049B9EE /* ContactCellView.swift in Sources */ = {isa = PBXBuildFile; fileRef = C01FE5AA2B67F47E0049B9EE /* ContactCellView.swift */; };
		C01FE5AD2B67F7F70049B9EE /* ContactManager.swift in Sources */ = {isa = PBXBuildFile; fileRef = C01FE5AC2B67F7F70049B9EE /* ContactManager.swift */; };
		C02A0CFD2BD3C36B000E58D4 /* ContactBubblesView.swift in Sources */ = {isa = PBXBuildFile; fileRef = C02A0CFC2BD3C36B000E58D4 /* ContactBubblesView.swift */; };
		C02A0CFF2BD3C5FB000E58D4 /* ContactsView.swift in Sources */ = {isa = PBXBuildFile; fileRef = C02A0CFE2BD3C5FB000E58D4 /* ContactsView.swift */; };
		C02A8C382BB1D62E005ECF0F /* LastMessagesCellView.swift in Sources */ = {isa = PBXBuildFile; fileRef = C02A8C372BB1D62E005ECF0F /* LastMessagesCellView.swift */; };
		C0326A132B6A2F4C005B8181 /* NavStackView.swift in Sources */ = {isa = PBXBuildFile; fileRef = C0326A122B6A2F4C005B8181 /* NavStackView.swift */; };
		C03B72D12B5FA2BB0050C524 /* EssaiView.swift in Sources */ = {isa = PBXBuildFile; fileRef = C03B72D02B5FA2BB0050C524 /* EssaiView.swift */; };
		C0476E7D2BB71033000D860C /* MessagesView.swift in Sources */ = {isa = PBXBuildFile; fileRef = C0476E7C2BB71033000D860C /* MessagesView.swift */; };
		C0476E7F2BB71086000D860C /* MessagesManager.swift in Sources */ = {isa = PBXBuildFile; fileRef = C0476E7E2BB71086000D860C /* MessagesManager.swift */; };
		C0476E812BB712A4000D860C /* MessagesCellView.swift in Sources */ = {isa = PBXBuildFile; fileRef = C0476E802BB712A4000D860C /* MessagesCellView.swift */; };
		C047E9C42B45625C00C6D48F /* BlablaChatApp.swift in Sources */ = {isa = PBXBuildFile; fileRef = C047E9C32B45625C00C6D48F /* BlablaChatApp.swift */; };
		C047E9C62B45625C00C6D48F /* LoginEmailView.swift in Sources */ = {isa = PBXBuildFile; fileRef = C047E9C52B45625C00C6D48F /* LoginEmailView.swift */; };
		C047E9C82B45625D00C6D48F /* Assets.xcassets in Resources */ = {isa = PBXBuildFile; fileRef = C047E9C72B45625D00C6D48F /* Assets.xcassets */; };
		C047E9CB2B45625D00C6D48F /* Preview Assets.xcassets in Resources */ = {isa = PBXBuildFile; fileRef = C047E9CA2B45625D00C6D48F /* Preview Assets.xcassets */; };
		C047E9D22B45646A00C6D48F /* GoogleService-Info.plist in Resources */ = {isa = PBXBuildFile; fileRef = C047E9D12B45646A00C6D48F /* GoogleService-Info.plist */; };
		C047E9D52B45652000C6D48F /* FirebaseAuth in Frameworks */ = {isa = PBXBuildFile; productRef = C047E9D42B45652000C6D48F /* FirebaseAuth */; };
		C047E9D72B45652000C6D48F /* FirebaseFirestore in Frameworks */ = {isa = PBXBuildFile; productRef = C047E9D62B45652000C6D48F /* FirebaseFirestore */; };
		C047E9D92B45652000C6D48F /* FirebaseFirestoreSwift in Frameworks */ = {isa = PBXBuildFile; productRef = C047E9D82B45652000C6D48F /* FirebaseFirestoreSwift */; };
		C047E9DB2B45652000C6D48F /* FirebaseStorage in Frameworks */ = {isa = PBXBuildFile; productRef = C047E9DA2B45652000C6D48F /* FirebaseStorage */; };
		C047E9DE2B45668800C6D48F /* ImagePicker.swift in Sources */ = {isa = PBXBuildFile; fileRef = C047E9DD2B45668800C6D48F /* ImagePicker.swift */; };
		C047E9E02B45767B00C6D48F /* AuthManager.swift in Sources */ = {isa = PBXBuildFile; fileRef = C047E9DF2B45767B00C6D48F /* AuthManager.swift */; };
		C047E9E22B45880400C6D48F /* StorageManager.swift in Sources */ = {isa = PBXBuildFile; fileRef = C047E9E12B45880400C6D48F /* StorageManager.swift */; };
		C047E9E42B45A8FB00C6D48F /* UserManager.swift in Sources */ = {isa = PBXBuildFile; fileRef = C047E9E32B45A8FB00C6D48F /* UserManager.swift */; };
		C048F18A2BAF2C1200742CD2 /* ListeMessagesView.swift in Sources */ = {isa = PBXBuildFile; fileRef = C048F1892BAF2C1200742CD2 /* ListeMessagesView.swift */; };
		C048F18C2BAF2E2400742CD2 /* LastMessagesManager.swift in Sources */ = {isa = PBXBuildFile; fileRef = C048F18B2BAF2E2400742CD2 /* LastMessagesManager.swift */; };
		C060FF8B2BCE6E060024B365 /* SettingsView.swift in Sources */ = {isa = PBXBuildFile; fileRef = C060FF8A2BCE6E060024B365 /* SettingsView.swift */; };
		C068CD3B2BCD769E0072A797 /* AuthenticationView.swift in Sources */ = {isa = PBXBuildFile; fileRef = C068CD3A2BCD769E0072A797 /* AuthenticationView.swift */; };
		C06A8DB92BAEC5030007436C /* TimestampToString.swift in Sources */ = {isa = PBXBuildFile; fileRef = C06A8DB82BAEC5030007436C /* TimestampToString.swift */; };
		C07564EC2BADEA8500E8D7D9 /* LastMessagesView.swift in Sources */ = {isa = PBXBuildFile; fileRef = C07564EB2BADEA8500E8D7D9 /* LastMessagesView.swift */; };
		C07723242BC6877900AC0990 /* MessagesCellPhoto.swift in Sources */ = {isa = PBXBuildFile; fileRef = C07723232BC6877900AC0990 /* MessagesCellPhoto.swift */; };
		C07F56482B7F980200AF7577 /* ContactsManager.swift in Sources */ = {isa = PBXBuildFile; fileRef = C07F56472B7F980200AF7577 /* ContactsManager.swift */; };
		C09FFA972BD3BE20003E8FB9 /* MesContactsView.swift in Sources */ = {isa = PBXBuildFile; fileRef = C09FFA962BD3BE20003E8FB9 /* MesContactsView.swift */; };
		C0B8555C2BBBFD5900B3956A /* TextBarView.swift in Sources */ = {isa = PBXBuildFile; fileRef = C0B8555B2BBBFD5900B3956A /* TextBarView.swift */; };
		C0B9DC822B5E872B006C2B46 /* HandleSendView.swift in Sources */ = {isa = PBXBuildFile; fileRef = C0B9DC812B5E872B006C2B46 /* HandleSendView.swift */; };
		C0C1A9492B62ACC400646851 /* SearchNick.swift in Sources */ = {isa = PBXBuildFile; fileRef = C0C1A9482B62ACC400646851 /* SearchNick.swift */; };
		C0CB4BF42B68FD6600DCC6E9 /* ContactEssaiView.swift in Sources */ = {isa = PBXBuildFile; fileRef = C0CB4BF32B68FD6600DCC6E9 /* ContactEssaiView.swift */; };
		C0D565F42B7CAF8E00EE0DA0 /* RootView.swift in Sources */ = {isa = PBXBuildFile; fileRef = C0D565F32B7CAF8E00EE0DA0 /* RootView.swift */; };
		C0EE66AC2B62654A002F13EB /* MessageBarView.swift in Sources */ = {isa = PBXBuildFile; fileRef = C0EE66AB2B62654A002F13EB /* MessageBarView.swift */; };
		C0FB12A12B5536030068C633 /* NewMessageCellView.swift in Sources */ = {isa = PBXBuildFile; fileRef = C0FB12A02B5536030068C633 /* NewMessageCellView.swift */; };
/* End PBXBuildFile section */

/* Begin PBXFileReference section */
		C001E7212BDA85650077663F /* CodeSave.md */ = {isa = PBXFileReference; lastKnownFileType = net.daringfireball.markdown; path = CodeSave.md; sourceTree = "<group>"; };
		C00CEF112BB5538E004C7016 /* WebImageView.swift */ = {isa = PBXFileReference; lastKnownFileType = sourcecode.swift; path = WebImageView.swift; sourceTree = "<group>"; };
		C01FE5A52B67ED9D0049B9EE /* SearchXavierView.swift */ = {isa = PBXFileReference; lastKnownFileType = sourcecode.swift; path = SearchXavierView.swift; sourceTree = "<group>"; };
		C01FE5AA2B67F47E0049B9EE /* ContactCellView.swift */ = {isa = PBXFileReference; lastKnownFileType = sourcecode.swift; path = ContactCellView.swift; sourceTree = "<group>"; };
		C01FE5AC2B67F7F70049B9EE /* ContactManager.swift */ = {isa = PBXFileReference; lastKnownFileType = sourcecode.swift; path = ContactManager.swift; sourceTree = "<group>"; };
		C02A0CFC2BD3C36B000E58D4 /* ContactBubblesView.swift */ = {isa = PBXFileReference; lastKnownFileType = sourcecode.swift; path = ContactBubblesView.swift; sourceTree = "<group>"; };
		C02A0CFE2BD3C5FB000E58D4 /* ContactsView.swift */ = {isa = PBXFileReference; lastKnownFileType = sourcecode.swift; path = ContactsView.swift; sourceTree = "<group>"; };
		C02A8C372BB1D62E005ECF0F /* LastMessagesCellView.swift */ = {isa = PBXFileReference; lastKnownFileType = sourcecode.swift; path = LastMessagesCellView.swift; sourceTree = "<group>"; };
		C0326A122B6A2F4C005B8181 /* NavStackView.swift */ = {isa = PBXFileReference; lastKnownFileType = sourcecode.swift; path = NavStackView.swift; sourceTree = "<group>"; };
		C03B72D02B5FA2BB0050C524 /* EssaiView.swift */ = {isa = PBXFileReference; lastKnownFileType = sourcecode.swift; path = EssaiView.swift; sourceTree = "<group>"; };
		C0476E7C2BB71033000D860C /* MessagesView.swift */ = {isa = PBXFileReference; lastKnownFileType = sourcecode.swift; path = MessagesView.swift; sourceTree = "<group>"; };
		C0476E7E2BB71086000D860C /* MessagesManager.swift */ = {isa = PBXFileReference; lastKnownFileType = sourcecode.swift; path = MessagesManager.swift; sourceTree = "<group>"; };
		C0476E802BB712A4000D860C /* MessagesCellView.swift */ = {isa = PBXFileReference; lastKnownFileType = sourcecode.swift; path = MessagesCellView.swift; sourceTree = "<group>"; };
		C047E9C02B45625C00C6D48F /* BlablaChat.app */ = {isa = PBXFileReference; explicitFileType = wrapper.application; includeInIndex = 0; path = BlablaChat.app; sourceTree = BUILT_PRODUCTS_DIR; };
		C047E9C32B45625C00C6D48F /* BlablaChatApp.swift */ = {isa = PBXFileReference; lastKnownFileType = sourcecode.swift; path = BlablaChatApp.swift; sourceTree = "<group>"; };
		C047E9C52B45625C00C6D48F /* LoginEmailView.swift */ = {isa = PBXFileReference; lastKnownFileType = sourcecode.swift; path = LoginEmailView.swift; sourceTree = "<group>"; };
		C047E9C72B45625D00C6D48F /* Assets.xcassets */ = {isa = PBXFileReference; lastKnownFileType = folder.assetcatalog; path = Assets.xcassets; sourceTree = "<group>"; };
		C047E9CA2B45625D00C6D48F /* Preview Assets.xcassets */ = {isa = PBXFileReference; lastKnownFileType = folder.assetcatalog; path = "Preview Assets.xcassets"; sourceTree = "<group>"; };
		C047E9D12B45646A00C6D48F /* GoogleService-Info.plist */ = {isa = PBXFileReference; fileEncoding = 4; lastKnownFileType = text.plist.xml; path = "GoogleService-Info.plist"; sourceTree = "<group>"; };
		C047E9DD2B45668800C6D48F /* ImagePicker.swift */ = {isa = PBXFileReference; lastKnownFileType = sourcecode.swift; path = ImagePicker.swift; sourceTree = "<group>"; };
		C047E9DF2B45767B00C6D48F /* AuthManager.swift */ = {isa = PBXFileReference; lastKnownFileType = sourcecode.swift; path = AuthManager.swift; sourceTree = "<group>"; };
		C047E9E12B45880400C6D48F /* StorageManager.swift */ = {isa = PBXFileReference; lastKnownFileType = sourcecode.swift; path = StorageManager.swift; sourceTree = "<group>"; };
		C047E9E32B45A8FB00C6D48F /* UserManager.swift */ = {isa = PBXFileReference; lastKnownFileType = sourcecode.swift; path = UserManager.swift; sourceTree = "<group>"; };
		C048F1892BAF2C1200742CD2 /* ListeMessagesView.swift */ = {isa = PBXFileReference; lastKnownFileType = sourcecode.swift; path = ListeMessagesView.swift; sourceTree = "<group>"; };
		C048F18B2BAF2E2400742CD2 /* LastMessagesManager.swift */ = {isa = PBXFileReference; lastKnownFileType = sourcecode.swift; path = LastMessagesManager.swift; sourceTree = "<group>"; };
		C060FF8A2BCE6E060024B365 /* SettingsView.swift */ = {isa = PBXFileReference; lastKnownFileType = sourcecode.swift; path = SettingsView.swift; sourceTree = "<group>"; };
		C068CD3A2BCD769E0072A797 /* AuthenticationView.swift */ = {isa = PBXFileReference; lastKnownFileType = sourcecode.swift; path = AuthenticationView.swift; sourceTree = "<group>"; };
		C06A8DB82BAEC5030007436C /* TimestampToString.swift */ = {isa = PBXFileReference; lastKnownFileType = sourcecode.swift; path = TimestampToString.swift; sourceTree = "<group>"; };
		C07564EB2BADEA8500E8D7D9 /* LastMessagesView.swift */ = {isa = PBXFileReference; lastKnownFileType = sourcecode.swift; path = LastMessagesView.swift; sourceTree = "<group>"; };
		C07723232BC6877900AC0990 /* MessagesCellPhoto.swift */ = {isa = PBXFileReference; lastKnownFileType = sourcecode.swift; path = MessagesCellPhoto.swift; sourceTree = "<group>"; };
		C07F56472B7F980200AF7577 /* ContactsManager.swift */ = {isa = PBXFileReference; lastKnownFileType = sourcecode.swift; path = ContactsManager.swift; sourceTree = "<group>"; };
		C09FFA962BD3BE20003E8FB9 /* MesContactsView.swift */ = {isa = PBXFileReference; lastKnownFileType = sourcecode.swift; path = MesContactsView.swift; sourceTree = "<group>"; };
		C0B8555B2BBBFD5900B3956A /* TextBarView.swift */ = {isa = PBXFileReference; lastKnownFileType = sourcecode.swift; path = TextBarView.swift; sourceTree = "<group>"; };
		C0B9DC812B5E872B006C2B46 /* HandleSendView.swift */ = {isa = PBXFileReference; lastKnownFileType = sourcecode.swift; path = HandleSendView.swift; sourceTree = "<group>"; };
		C0C1A9482B62ACC400646851 /* SearchNick.swift */ = {isa = PBXFileReference; lastKnownFileType = sourcecode.swift; path = SearchNick.swift; sourceTree = "<group>"; };
		C0CB4BF32B68FD6600DCC6E9 /* ContactEssaiView.swift */ = {isa = PBXFileReference; lastKnownFileType = sourcecode.swift; path = ContactEssaiView.swift; sourceTree = "<group>"; };
		C0D565F32B7CAF8E00EE0DA0 /* RootView.swift */ = {isa = PBXFileReference; lastKnownFileType = sourcecode.swift; path = RootView.swift; sourceTree = "<group>"; };
		C0EE66AB2B62654A002F13EB /* MessageBarView.swift */ = {isa = PBXFileReference; lastKnownFileType = sourcecode.swift; path = MessageBarView.swift; sourceTree = "<group>"; };
		C0FB12A02B5536030068C633 /* NewMessageCellView.swift */ = {isa = PBXFileReference; lastKnownFileType = sourcecode.swift; path = NewMessageCellView.swift; sourceTree = "<group>"; };
/* End PBXFileReference section */

/* Begin PBXFrameworksBuildPhase section */
		C047E9BD2B45625C00C6D48F /* Frameworks */ = {
			isa = PBXFrameworksBuildPhase;
			buildActionMask = 2147483647;
			files = (
				C00CEF102BB55206004C7016 /* SDWebImageSwiftUI in Frameworks */,
				C047E9D52B45652000C6D48F /* FirebaseAuth in Frameworks */,
				C047E9DB2B45652000C6D48F /* FirebaseStorage in Frameworks */,
				C047E9D72B45652000C6D48F /* FirebaseFirestore in Frameworks */,
				C047E9D92B45652000C6D48F /* FirebaseFirestoreSwift in Frameworks */,
			);
			runOnlyForDeploymentPostprocessing = 0;
		};
/* End PBXFrameworksBuildPhase section */

/* Begin PBXGroup section */
		C01FE5A72B67F0610049B9EE /* StandBy */ = {
			isa = PBXGroup;
			children = (
				C0B9DC812B5E872B006C2B46 /* HandleSendView.swift */,
				C0C1A9482B62ACC400646851 /* SearchNick.swift */,
				C01FE5A52B67ED9D0049B9EE /* SearchXavierView.swift */,
				C0EE66AB2B62654A002F13EB /* MessageBarView.swift */,
				C0FB12A02B5536030068C633 /* NewMessageCellView.swift */,
			);
			path = StandBy;
			sourceTree = "<group>";
		};
		C02BEDAC2B7E012600C15D11 /* Managers */ = {
			isa = PBXGroup;
			children = (
				C047E9E12B45880400C6D48F /* StorageManager.swift */,
				C047E9E32B45A8FB00C6D48F /* UserManager.swift */,
				C047E9DF2B45767B00C6D48F /* AuthManager.swift */,
			);
			path = Managers;
			sourceTree = "<group>";
		};
		C0326A112B6A2E6A005B8181 /* Essais */ = {
			isa = PBXGroup;
			children = (
				C0CB4BF32B68FD6600DCC6E9 /* ContactEssaiView.swift */,
				C03B72D02B5FA2BB0050C524 /* EssaiView.swift */,
				C0326A122B6A2F4C005B8181 /* NavStackView.swift */,
				C048F1892BAF2C1200742CD2 /* ListeMessagesView.swift */,
				C00CEF112BB5538E004C7016 /* WebImageView.swift */,
				C001E7212BDA85650077663F /* CodeSave.md */,
			);
			path = Essais;
			sourceTree = "<group>";
		};
		C0476E7B2BB70FF9000D860C /* Messages */ = {
			isa = PBXGroup;
			children = (
				C0476E7C2BB71033000D860C /* MessagesView.swift */,
				C0476E7E2BB71086000D860C /* MessagesManager.swift */,
				C0476E802BB712A4000D860C /* MessagesCellView.swift */,
				C07723232BC6877900AC0990 /* MessagesCellPhoto.swift */,
			);
			path = Messages;
			sourceTree = "<group>";
		};
		C047E9B72B45625C00C6D48F = {
			isa = PBXGroup;
			children = (
				C047E9C22B45625C00C6D48F /* BlablaChat */,
				C047E9C12B45625C00C6D48F /* Products */,
			);
			sourceTree = "<group>";
		};
		C047E9C12B45625C00C6D48F /* Products */ = {
			isa = PBXGroup;
			children = (
				C047E9C02B45625C00C6D48F /* BlablaChat.app */,
			);
			name = Products;
			sourceTree = "<group>";
		};
		C047E9C22B45625C00C6D48F /* BlablaChat */ = {
			isa = PBXGroup;
			children = (
				C047E9C32B45625C00C6D48F /* BlablaChatApp.swift */,
				C0D565F32B7CAF8E00EE0DA0 /* RootView.swift */,
				C060FF8A2BCE6E060024B365 /* SettingsView.swift */,
				C068CD3A2BCD769E0072A797 /* AuthenticationView.swift */,
				C047E9C52B45625C00C6D48F /* LoginEmailView.swift */,
				C07564EA2BADEA4F00E8D7D9 /* LastMessages */,
				C0476E7B2BB70FF9000D860C /* Messages */,
				C06B1DDF2B74D4330016E8B6 /* Contacts */,
				C02BEDAC2B7E012600C15D11 /* Managers */,
				C0B9DC842B5EB05B006C2B46 /* Components */,
				C01FE5A72B67F0610049B9EE /* StandBy */,
				C047E9C72B45625D00C6D48F /* Assets.xcassets */,
				C047E9D12B45646A00C6D48F /* GoogleService-Info.plist */,
				C047E9C92B45625D00C6D48F /* Preview Content */,
				C0326A112B6A2E6A005B8181 /* Essais */,
			);
			path = BlablaChat;
			sourceTree = "<group>";
		};
		C047E9C92B45625D00C6D48F /* Preview Content */ = {
			isa = PBXGroup;
			children = (
				C047E9CA2B45625D00C6D48F /* Preview Assets.xcassets */,
			);
			path = "Preview Content";
			sourceTree = "<group>";
		};
		C06B1DDF2B74D4330016E8B6 /* Contacts */ = {
			isa = PBXGroup;
			children = (
				C02A0CFE2BD3C5FB000E58D4 /* ContactsView.swift */,
				C09FFA962BD3BE20003E8FB9 /* MesContactsView.swift */,
				C02A0CFC2BD3C36B000E58D4 /* ContactBubblesView.swift */,
				C07F56472B7F980200AF7577 /* ContactsManager.swift */,
				C01FE5AC2B67F7F70049B9EE /* ContactManager.swift */,
				C01FE5AA2B67F47E0049B9EE /* ContactCellView.swift */,
			);
			path = Contacts;
			sourceTree = "<group>";
		};
		C07564EA2BADEA4F00E8D7D9 /* LastMessages */ = {
			isa = PBXGroup;
			children = (
				C07564EB2BADEA8500E8D7D9 /* LastMessagesView.swift */,
				C048F18B2BAF2E2400742CD2 /* LastMessagesManager.swift */,
				C02A8C372BB1D62E005ECF0F /* LastMessagesCellView.swift */,
			);
			path = LastMessages;
			sourceTree = "<group>";
		};
		C0B9DC842B5EB05B006C2B46 /* Components */ = {
			isa = PBXGroup;
			children = (
				C047E9DD2B45668800C6D48F /* ImagePicker.swift */,
				C06A8DB82BAEC5030007436C /* TimestampToString.swift */,
				C0B8555B2BBBFD5900B3956A /* TextBarView.swift */,
			);
			path = Components;
			sourceTree = "<group>";
		};
/* End PBXGroup section */

/* Begin PBXNativeTarget section */
		C047E9BF2B45625C00C6D48F /* BlablaChat */ = {
			isa = PBXNativeTarget;
			buildConfigurationList = C047E9CE2B45625D00C6D48F /* Build configuration list for PBXNativeTarget "BlablaChat" */;
			buildPhases = (
				C047E9BC2B45625C00C6D48F /* Sources */,
				C047E9BD2B45625C00C6D48F /* Frameworks */,
				C047E9BE2B45625C00C6D48F /* Resources */,
			);
			buildRules = (
			);
			dependencies = (
			);
			name = BlablaChat;
			packageProductDependencies = (
				C047E9D42B45652000C6D48F /* FirebaseAuth */,
				C047E9D62B45652000C6D48F /* FirebaseFirestore */,
				C047E9D82B45652000C6D48F /* FirebaseFirestoreSwift */,
				C047E9DA2B45652000C6D48F /* FirebaseStorage */,
				C00CEF0F2BB55206004C7016 /* SDWebImageSwiftUI */,
			);
			productName = BlablaChat;
			productReference = C047E9C02B45625C00C6D48F /* BlablaChat.app */;
			productType = "com.apple.product-type.application";
		};
/* End PBXNativeTarget section */

/* Begin PBXProject section */
		C047E9B82B45625C00C6D48F /* Project object */ = {
			isa = PBXProject;
			attributes = {
				BuildIndependentTargetsInParallel = 1;
				LastSwiftUpdateCheck = 1430;
				LastUpgradeCheck = 1430;
				TargetAttributes = {
					C047E9BF2B45625C00C6D48F = {
						CreatedOnToolsVersion = 14.3.1;
					};
				};
			};
			buildConfigurationList = C047E9BB2B45625C00C6D48F /* Build configuration list for PBXProject "BlablaChat" */;
			compatibilityVersion = "Xcode 14.0";
			developmentRegion = en;
			hasScannedForEncodings = 0;
			knownRegions = (
				en,
				Base,
			);
			mainGroup = C047E9B72B45625C00C6D48F;
			packageReferences = (
				C047E9D32B45652000C6D48F /* XCRemoteSwiftPackageReference "firebase-ios-sdk" */,
				C00CEF0E2BB55206004C7016 /* XCRemoteSwiftPackageReference "SDWebImageSwiftUI" */,
			);
			productRefGroup = C047E9C12B45625C00C6D48F /* Products */;
			projectDirPath = "";
			projectRoot = "";
			targets = (
				C047E9BF2B45625C00C6D48F /* BlablaChat */,
			);
		};
/* End PBXProject section */

/* Begin PBXResourcesBuildPhase section */
		C047E9BE2B45625C00C6D48F /* Resources */ = {
			isa = PBXResourcesBuildPhase;
			buildActionMask = 2147483647;
			files = (
				C047E9CB2B45625D00C6D48F /* Preview Assets.xcassets in Resources */,
				C047E9C82B45625D00C6D48F /* Assets.xcassets in Resources */,
				C047E9D22B45646A00C6D48F /* GoogleService-Info.plist in Resources */,
			);
			runOnlyForDeploymentPostprocessing = 0;
		};
/* End PBXResourcesBuildPhase section */

/* Begin PBXSourcesBuildPhase section */
		C047E9BC2B45625C00C6D48F /* Sources */ = {
			isa = PBXSourcesBuildPhase;
			buildActionMask = 2147483647;
			files = (
				C07723242BC6877900AC0990 /* MessagesCellPhoto.swift in Sources */,
				C0CB4BF42B68FD6600DCC6E9 /* ContactEssaiView.swift in Sources */,
				C0C1A9492B62ACC400646851 /* SearchNick.swift in Sources */,
				C0326A132B6A2F4C005B8181 /* NavStackView.swift in Sources */,
				C0476E7D2BB71033000D860C /* MessagesView.swift in Sources */,
				C0B9DC822B5E872B006C2B46 /* HandleSendView.swift in Sources */,
				C03B72D12B5FA2BB0050C524 /* EssaiView.swift in Sources */,
				C0FB12A12B5536030068C633 /* NewMessageCellView.swift in Sources */,
				C07F56482B7F980200AF7577 /* ContactsManager.swift in Sources */,
				C0EE66AC2B62654A002F13EB /* MessageBarView.swift in Sources */,
				C02A8C382BB1D62E005ECF0F /* LastMessagesCellView.swift in Sources */,
				C07564EC2BADEA8500E8D7D9 /* LastMessagesView.swift in Sources */,
				C00CEF122BB5538E004C7016 /* WebImageView.swift in Sources */,
				C01FE5AD2B67F7F70049B9EE /* ContactManager.swift in Sources */,
				C047E9E42B45A8FB00C6D48F /* UserManager.swift in Sources */,
				C01FE5AB2B67F47E0049B9EE /* ContactCellView.swift in Sources */,
				C047E9DE2B45668800C6D48F /* ImagePicker.swift in Sources */,
				C06A8DB92BAEC5030007436C /* TimestampToString.swift in Sources */,
				C01FE5A62B67ED9D0049B9EE /* SearchXavierView.swift in Sources */,
				C047E9E02B45767B00C6D48F /* AuthManager.swift in Sources */,
				C0476E7F2BB71086000D860C /* MessagesManager.swift in Sources */,
				C0B8555C2BBBFD5900B3956A /* TextBarView.swift in Sources */,
				C0D565F42B7CAF8E00EE0DA0 /* RootView.swift in Sources */,
				C048F18A2BAF2C1200742CD2 /* ListeMessagesView.swift in Sources */,
				C060FF8B2BCE6E060024B365 /* SettingsView.swift in Sources */,
				C048F18C2BAF2E2400742CD2 /* LastMessagesManager.swift in Sources */,
				C09FFA972BD3BE20003E8FB9 /* MesContactsView.swift in Sources */,
				C068CD3B2BCD769E0072A797 /* AuthenticationView.swift in Sources */,
				C0476E812BB712A4000D860C /* MessagesCellView.swift in Sources */,
				C047E9E22B45880400C6D48F /* StorageManager.swift in Sources */,
				C047E9C62B45625C00C6D48F /* LoginEmailView.swift in Sources */,
				C02A0CFF2BD3C5FB000E58D4 /* ContactsView.swift in Sources */,
				C02A0CFD2BD3C36B000E58D4 /* ContactBubblesView.swift in Sources */,
				C047E9C42B45625C00C6D48F /* BlablaChatApp.swift in Sources */,
			);
			runOnlyForDeploymentPostprocessing = 0;
		};
/* End PBXSourcesBuildPhase section */

/* Begin XCBuildConfiguration section */
		C047E9CC2B45625D00C6D48F /* Debug */ = {
			isa = XCBuildConfiguration;
			buildSettings = {
				ALWAYS_SEARCH_USER_PATHS = NO;
				CLANG_ANALYZER_NONNULL = YES;
				CLANG_ANALYZER_NUMBER_OBJECT_CONVERSION = YES_AGGRESSIVE;
				CLANG_CXX_LANGUAGE_STANDARD = "gnu++20";
				CLANG_ENABLE_MODULES = YES;
				CLANG_ENABLE_OBJC_ARC = YES;
				CLANG_ENABLE_OBJC_WEAK = YES;
				CLANG_WARN_BLOCK_CAPTURE_AUTORELEASING = YES;
				CLANG_WARN_BOOL_CONVERSION = YES;
				CLANG_WARN_COMMA = YES;
				CLANG_WARN_CONSTANT_CONVERSION = YES;
				CLANG_WARN_DEPRECATED_OBJC_IMPLEMENTATIONS = YES;
				CLANG_WARN_DIRECT_OBJC_ISA_USAGE = YES_ERROR;
				CLANG_WARN_DOCUMENTATION_COMMENTS = YES;
				CLANG_WARN_EMPTY_BODY = YES;
				CLANG_WARN_ENUM_CONVERSION = YES;
				CLANG_WARN_INFINITE_RECURSION = YES;
				CLANG_WARN_INT_CONVERSION = YES;
				CLANG_WARN_NON_LITERAL_NULL_CONVERSION = YES;
				CLANG_WARN_OBJC_IMPLICIT_RETAIN_SELF = YES;
				CLANG_WARN_OBJC_LITERAL_CONVERSION = YES;
				CLANG_WARN_OBJC_ROOT_CLASS = YES_ERROR;
				CLANG_WARN_QUOTED_INCLUDE_IN_FRAMEWORK_HEADER = YES;
				CLANG_WARN_RANGE_LOOP_ANALYSIS = YES;
				CLANG_WARN_STRICT_PROTOTYPES = YES;
				CLANG_WARN_SUSPICIOUS_MOVE = YES;
				CLANG_WARN_UNGUARDED_AVAILABILITY = YES_AGGRESSIVE;
				CLANG_WARN_UNREACHABLE_CODE = YES;
				CLANG_WARN__DUPLICATE_METHOD_MATCH = YES;
				COPY_PHASE_STRIP = NO;
				DEBUG_INFORMATION_FORMAT = dwarf;
				ENABLE_STRICT_OBJC_MSGSEND = YES;
				ENABLE_TESTABILITY = YES;
				GCC_C_LANGUAGE_STANDARD = gnu11;
				GCC_DYNAMIC_NO_PIC = NO;
				GCC_NO_COMMON_BLOCKS = YES;
				GCC_OPTIMIZATION_LEVEL = 0;
				GCC_PREPROCESSOR_DEFINITIONS = (
					"DEBUG=1",
					"$(inherited)",
				);
				GCC_WARN_64_TO_32_BIT_CONVERSION = YES;
				GCC_WARN_ABOUT_RETURN_TYPE = YES_ERROR;
				GCC_WARN_UNDECLARED_SELECTOR = YES;
				GCC_WARN_UNINITIALIZED_AUTOS = YES_AGGRESSIVE;
				GCC_WARN_UNUSED_FUNCTION = YES;
				GCC_WARN_UNUSED_VARIABLE = YES;
				IPHONEOS_DEPLOYMENT_TARGET = 16.4;
				MTL_ENABLE_DEBUG_INFO = INCLUDE_SOURCE;
				MTL_FAST_MATH = YES;
				ONLY_ACTIVE_ARCH = YES;
				SDKROOT = iphoneos;
				SWIFT_ACTIVE_COMPILATION_CONDITIONS = DEBUG;
				SWIFT_OPTIMIZATION_LEVEL = "-Onone";
			};
			name = Debug;
		};
		C047E9CD2B45625D00C6D48F /* Release */ = {
			isa = XCBuildConfiguration;
			buildSettings = {
				ALWAYS_SEARCH_USER_PATHS = NO;
				CLANG_ANALYZER_NONNULL = YES;
				CLANG_ANALYZER_NUMBER_OBJECT_CONVERSION = YES_AGGRESSIVE;
				CLANG_CXX_LANGUAGE_STANDARD = "gnu++20";
				CLANG_ENABLE_MODULES = YES;
				CLANG_ENABLE_OBJC_ARC = YES;
				CLANG_ENABLE_OBJC_WEAK = YES;
				CLANG_WARN_BLOCK_CAPTURE_AUTORELEASING = YES;
				CLANG_WARN_BOOL_CONVERSION = YES;
				CLANG_WARN_COMMA = YES;
				CLANG_WARN_CONSTANT_CONVERSION = YES;
				CLANG_WARN_DEPRECATED_OBJC_IMPLEMENTATIONS = YES;
				CLANG_WARN_DIRECT_OBJC_ISA_USAGE = YES_ERROR;
				CLANG_WARN_DOCUMENTATION_COMMENTS = YES;
				CLANG_WARN_EMPTY_BODY = YES;
				CLANG_WARN_ENUM_CONVERSION = YES;
				CLANG_WARN_INFINITE_RECURSION = YES;
				CLANG_WARN_INT_CONVERSION = YES;
				CLANG_WARN_NON_LITERAL_NULL_CONVERSION = YES;
				CLANG_WARN_OBJC_IMPLICIT_RETAIN_SELF = YES;
				CLANG_WARN_OBJC_LITERAL_CONVERSION = YES;
				CLANG_WARN_OBJC_ROOT_CLASS = YES_ERROR;
				CLANG_WARN_QUOTED_INCLUDE_IN_FRAMEWORK_HEADER = YES;
				CLANG_WARN_RANGE_LOOP_ANALYSIS = YES;
				CLANG_WARN_STRICT_PROTOTYPES = YES;
				CLANG_WARN_SUSPICIOUS_MOVE = YES;
				CLANG_WARN_UNGUARDED_AVAILABILITY = YES_AGGRESSIVE;
				CLANG_WARN_UNREACHABLE_CODE = YES;
				CLANG_WARN__DUPLICATE_METHOD_MATCH = YES;
				COPY_PHASE_STRIP = NO;
				DEBUG_INFORMATION_FORMAT = "dwarf-with-dsym";
				ENABLE_NS_ASSERTIONS = NO;
				ENABLE_STRICT_OBJC_MSGSEND = YES;
				GCC_C_LANGUAGE_STANDARD = gnu11;
				GCC_NO_COMMON_BLOCKS = YES;
				GCC_WARN_64_TO_32_BIT_CONVERSION = YES;
				GCC_WARN_ABOUT_RETURN_TYPE = YES_ERROR;
				GCC_WARN_UNDECLARED_SELECTOR = YES;
				GCC_WARN_UNINITIALIZED_AUTOS = YES_AGGRESSIVE;
				GCC_WARN_UNUSED_FUNCTION = YES;
				GCC_WARN_UNUSED_VARIABLE = YES;
				IPHONEOS_DEPLOYMENT_TARGET = 16.4;
				MTL_ENABLE_DEBUG_INFO = NO;
				MTL_FAST_MATH = YES;
				SDKROOT = iphoneos;
				SWIFT_COMPILATION_MODE = wholemodule;
				SWIFT_OPTIMIZATION_LEVEL = "-O";
				VALIDATE_PRODUCT = YES;
			};
			name = Release;
		};
		C047E9CF2B45625D00C6D48F /* Debug */ = {
			isa = XCBuildConfiguration;
			buildSettings = {
				ASSETCATALOG_COMPILER_APPICON_NAME = AppIcon;
				ASSETCATALOG_COMPILER_GLOBAL_ACCENT_COLOR_NAME = AccentColor;
				CODE_SIGN_STYLE = Automatic;
				CURRENT_PROJECT_VERSION = 1;
				DEVELOPMENT_ASSET_PATHS = "\"BlablaChat/Preview Content\"";
				DEVELOPMENT_TEAM = Z2D42B65AU;
				ENABLE_PREVIEWS = YES;
				GENERATE_INFOPLIST_FILE = YES;
				INFOPLIST_KEY_CFBundleDisplayName = BlablaChat;
				INFOPLIST_KEY_NSContactsUsageDescription = "Merci d'autoriser l'accès à vos contacts";
				INFOPLIST_KEY_UIApplicationSceneManifest_Generation = YES;
				INFOPLIST_KEY_UIApplicationSupportsIndirectInputEvents = YES;
				INFOPLIST_KEY_UILaunchScreen_Generation = YES;
				INFOPLIST_KEY_UISupportedInterfaceOrientations = UIInterfaceOrientationPortrait;
				INFOPLIST_KEY_UISupportedInterfaceOrientations_iPad = "UIInterfaceOrientationLandscapeLeft UIInterfaceOrientationLandscapeRight UIInterfaceOrientationPortrait UIInterfaceOrientationPortraitUpsideDown";
				LD_RUNPATH_SEARCH_PATHS = (
					"$(inherited)",
					"@executable_path/Frameworks",
				);
				MARKETING_VERSION = 1.0;
				PRODUCT_BUNDLE_IDENTIFIER = com.xlubetmoncla.BlablaChat;
				PRODUCT_NAME = "$(TARGET_NAME)";
				SWIFT_EMIT_LOC_STRINGS = YES;
				SWIFT_VERSION = 5.0;
				TARGETED_DEVICE_FAMILY = "1,2";
			};
			name = Debug;
		};
		C047E9D02B45625D00C6D48F /* Release */ = {
			isa = XCBuildConfiguration;
			buildSettings = {
				ASSETCATALOG_COMPILER_APPICON_NAME = AppIcon;
				ASSETCATALOG_COMPILER_GLOBAL_ACCENT_COLOR_NAME = AccentColor;
				CODE_SIGN_STYLE = Automatic;
				CURRENT_PROJECT_VERSION = 1;
				DEVELOPMENT_ASSET_PATHS = "\"BlablaChat/Preview Content\"";
				DEVELOPMENT_TEAM = Z2D42B65AU;
				ENABLE_PREVIEWS = YES;
				GENERATE_INFOPLIST_FILE = YES;
				INFOPLIST_KEY_CFBundleDisplayName = BlablaChat;
				INFOPLIST_KEY_NSContactsUsageDescription = "Merci d'autoriser l'accès à vos contacts";
				INFOPLIST_KEY_UIApplicationSceneManifest_Generation = YES;
				INFOPLIST_KEY_UIApplicationSupportsIndirectInputEvents = YES;
				INFOPLIST_KEY_UILaunchScreen_Generation = YES;
				INFOPLIST_KEY_UISupportedInterfaceOrientations = UIInterfaceOrientationPortrait;
				INFOPLIST_KEY_UISupportedInterfaceOrientations_iPad = "UIInterfaceOrientationLandscapeLeft UIInterfaceOrientationLandscapeRight UIInterfaceOrientationPortrait UIInterfaceOrientationPortraitUpsideDown";
				LD_RUNPATH_SEARCH_PATHS = (
					"$(inherited)",
					"@executable_path/Frameworks",
				);
				MARKETING_VERSION = 1.0;
				PRODUCT_BUNDLE_IDENTIFIER = com.xlubetmoncla.BlablaChat;
				PRODUCT_NAME = "$(TARGET_NAME)";
				SWIFT_EMIT_LOC_STRINGS = YES;
				SWIFT_VERSION = 5.0;
				TARGETED_DEVICE_FAMILY = "1,2";
			};
			name = Release;
		};
/* End XCBuildConfiguration section */

/* Begin XCConfigurationList section */
		C047E9BB2B45625C00C6D48F /* Build configuration list for PBXProject "BlablaChat" */ = {
			isa = XCConfigurationList;
			buildConfigurations = (
				C047E9CC2B45625D00C6D48F /* Debug */,
				C047E9CD2B45625D00C6D48F /* Release */,
			);
			defaultConfigurationIsVisible = 0;
			defaultConfigurationName = Release;
		};
		C047E9CE2B45625D00C6D48F /* Build configuration list for PBXNativeTarget "BlablaChat" */ = {
			isa = XCConfigurationList;
			buildConfigurations = (
				C047E9CF2B45625D00C6D48F /* Debug */,
				C047E9D02B45625D00C6D48F /* Release */,
			);
			defaultConfigurationIsVisible = 0;
			defaultConfigurationName = Release;
		};
/* End XCConfigurationList section */

/* Begin XCRemoteSwiftPackageReference section */
		C00CEF0E2BB55206004C7016 /* XCRemoteSwiftPackageReference "SDWebImageSwiftUI" */ = {
			isa = XCRemoteSwiftPackageReference;
			repositoryURL = "https://github.com/SDWebImage/SDWebImageSwiftUI.git";
			requirement = {
				kind = upToNextMajorVersion;
				minimumVersion = 3.0.0;
			};
		};
		C047E9D32B45652000C6D48F /* XCRemoteSwiftPackageReference "firebase-ios-sdk" */ = {
			isa = XCRemoteSwiftPackageReference;
			repositoryURL = "https://github.com/firebase/firebase-ios-sdk.git";
			requirement = {
				kind = upToNextMajorVersion;
				minimumVersion = 10.19.0;
			};
		};
/* End XCRemoteSwiftPackageReference section */

/* Begin XCSwiftPackageProductDependency section */
		C00CEF0F2BB55206004C7016 /* SDWebImageSwiftUI */ = {
			isa = XCSwiftPackageProductDependency;
			package = C00CEF0E2BB55206004C7016 /* XCRemoteSwiftPackageReference "SDWebImageSwiftUI" */;
			productName = SDWebImageSwiftUI;
		};
		C047E9D42B45652000C6D48F /* FirebaseAuth */ = {
			isa = XCSwiftPackageProductDependency;
			package = C047E9D32B45652000C6D48F /* XCRemoteSwiftPackageReference "firebase-ios-sdk" */;
			productName = FirebaseAuth;
		};
		C047E9D62B45652000C6D48F /* FirebaseFirestore */ = {
			isa = XCSwiftPackageProductDependency;
			package = C047E9D32B45652000C6D48F /* XCRemoteSwiftPackageReference "firebase-ios-sdk" */;
			productName = FirebaseFirestore;
		};
		C047E9D82B45652000C6D48F /* FirebaseFirestoreSwift */ = {
			isa = XCSwiftPackageProductDependency;
			package = C047E9D32B45652000C6D48F /* XCRemoteSwiftPackageReference "firebase-ios-sdk" */;
			productName = FirebaseFirestoreSwift;
		};
		C047E9DA2B45652000C6D48F /* FirebaseStorage */ = {
			isa = XCSwiftPackageProductDependency;
			package = C047E9D32B45652000C6D48F /* XCRemoteSwiftPackageReference "firebase-ios-sdk" */;
			productName = FirebaseStorage;
		};
/* End XCSwiftPackageProductDependency section */
	};
	rootObject = C047E9B82B45625C00C6D48F /* Project object */;
}
